// !$*UTF8*$!
{
	archiveVersion = 1;
	classes = {
	};
	objectVersion = 50;
	objects = {

/* Begin PBXBuildFile section */
		DC85EDA320713C78009DF5D9 /* AppDelegate.m in Sources */ = {isa = PBXBuildFile; fileRef = DC85EDA220713C78009DF5D9 /* AppDelegate.m */; };
		DC85EDA920713C78009DF5D9 /* Main.storyboard in Resources */ = {isa = PBXBuildFile; fileRef = DC85EDA720713C78009DF5D9 /* Main.storyboard */; };
		DC85EDAB20713C7A009DF5D9 /* Assets.xcassets in Resources */ = {isa = PBXBuildFile; fileRef = DC85EDAA20713C7A009DF5D9 /* Assets.xcassets */; };
		DC85EDAE20713C7A009DF5D9 /* LaunchScreen.storyboard in Resources */ = {isa = PBXBuildFile; fileRef = DC85EDAC20713C7A009DF5D9 /* LaunchScreen.storyboard */; };
		DC85EDB120713C7A009DF5D9 /* main.m in Sources */ = {isa = PBXBuildFile; fileRef = DC85EDB020713C7A009DF5D9 /* main.m */; };
		DC85EDBB20713C7B009DF5D9 /* ISYOU_iPhoneTests.m in Sources */ = {isa = PBXBuildFile; fileRef = DC85EDBA20713C7B009DF5D9 /* ISYOU_iPhoneTests.m */; };
		DC85EDC620713C7B009DF5D9 /* ISYOU_iPhoneUITests.m in Sources */ = {isa = PBXBuildFile; fileRef = DC85EDC520713C7B009DF5D9 /* ISYOU_iPhoneUITests.m */; };
		DC85F1A6207162CD009DF5D9 /* NetworkTool.m in Sources */ = {isa = PBXBuildFile; fileRef = DC85F0BD207162CD009DF5D9 /* NetworkTool.m */; };
		DC85F1A7207162CD009DF5D9 /* UIViewExt.m in Sources */ = {isa = PBXBuildFile; fileRef = DC85F0BF207162CD009DF5D9 /* UIViewExt.m */; };
		DC85F1AD207162CD009DF5D9 /* YLButton.m in Sources */ = {isa = PBXBuildFile; fileRef = DC85F0D6207162CD009DF5D9 /* YLButton.m */; };
		DC85F1BC207162CD009DF5D9 /* ZFPlayerModel.m in Sources */ = {isa = PBXBuildFile; fileRef = DC85F0FA207162CD009DF5D9 /* ZFPlayerModel.m */; };
		DC85F1BD207162CD009DF5D9 /* UITabBarController+ZFPlayerRotation.m in Sources */ = {isa = PBXBuildFile; fileRef = DC85F100207162CD009DF5D9 /* UITabBarController+ZFPlayerRotation.m */; };
		DC85F1BE207162CD009DF5D9 /* UIWindow+CurrentViewController.m in Sources */ = {isa = PBXBuildFile; fileRef = DC85F107207162CD009DF5D9 /* UIWindow+CurrentViewController.m */; };
		DC85F1BF207162CD009DF5D9 /* UIView+CustomControlView.m in Sources */ = {isa = PBXBuildFile; fileRef = DC85F108207162CD009DF5D9 /* UIView+CustomControlView.m */; };
		DC85F1C0207162CD009DF5D9 /* UINavigationController+ZFPlayerRotation.m in Sources */ = {isa = PBXBuildFile; fileRef = DC85F109207162CD009DF5D9 /* UINavigationController+ZFPlayerRotation.m */; };
		DC85F1C1207162CD009DF5D9 /* UIAlertController+ZFPlayerRotation.m in Sources */ = {isa = PBXBuildFile; fileRef = DC85F10A207162CD009DF5D9 /* UIAlertController+ZFPlayerRotation.m */; };
		DC85F1C2207162CD009DF5D9 /* UIImageView+ZFCache.m in Sources */ = {isa = PBXBuildFile; fileRef = DC85F10B207162CD009DF5D9 /* UIImageView+ZFCache.m */; };
		DC85F1C3207162CD009DF5D9 /* UIViewController+ZFPlayerRotation.m in Sources */ = {isa = PBXBuildFile; fileRef = DC85F10C207162CD009DF5D9 /* UIViewController+ZFPlayerRotation.m */; };
		DC85F1C4207162CD009DF5D9 /* ZFBrightnessView.m in Sources */ = {isa = PBXBuildFile; fileRef = DC85F111207162CD009DF5D9 /* ZFBrightnessView.m */; };
		DC85F1C5207162CD009DF5D9 /* ZFPlayer.bundle in Resources */ = {isa = PBXBuildFile; fileRef = DC85F112207162CD009DF5D9 /* ZFPlayer.bundle */; };
		DC85F1C6207162CD009DF5D9 /* ASValuePopUpView.m in Sources */ = {isa = PBXBuildFile; fileRef = DC85F114207162CD009DF5D9 /* ASValuePopUpView.m */; };
		DC85F1C7207162CD009DF5D9 /* ZFPlayerControlView.m in Sources */ = {isa = PBXBuildFile; fileRef = DC85F115207162CD009DF5D9 /* ZFPlayerControlView.m */; };
		DC85F1C8207162CD009DF5D9 /* ZFPlayerView.m in Sources */ = {isa = PBXBuildFile; fileRef = DC85F116207162CD009DF5D9 /* ZFPlayerView.m */; };
		DC85F1C9207162CD009DF5D9 /* MMMaterialDesignSpinner.m in Sources */ = {isa = PBXBuildFile; fileRef = DC85F117207162CD009DF5D9 /* MMMaterialDesignSpinner.m */; };
		DC85F1CA207162CD009DF5D9 /* ASValueTrackingSlider.m in Sources */ = {isa = PBXBuildFile; fileRef = DC85F119207162CD009DF5D9 /* ASValueTrackingSlider.m */; };
		DC85F1CB207162CD009DF5D9 /* pause@2x.png in Resources */ = {isa = PBXBuildFile; fileRef = DC85F11F207162CD009DF5D9 /* pause@2x.png */; };
		DC85F1CC207162CD009DF5D9 /* play@2x.png in Resources */ = {isa = PBXBuildFile; fileRef = DC85F120207162CD009DF5D9 /* play@2x.png */; };
		DC85F1CD207162CD009DF5D9 /* knob.png in Resources */ = {isa = PBXBuildFile; fileRef = DC85F121207162CD009DF5D9 /* knob.png */; };
		DC85F1CE207162CD009DF5D9 /* pause.png in Resources */ = {isa = PBXBuildFile; fileRef = DC85F122207162CD009DF5D9 /* pause.png */; };
		DC85F1CF207162CD009DF5D9 /* full_screen.png in Resources */ = {isa = PBXBuildFile; fileRef = DC85F123207162CD009DF5D9 /* full_screen.png */; };
		DC85F1D0207162CD009DF5D9 /* full_screen@2x.png in Resources */ = {isa = PBXBuildFile; fileRef = DC85F124207162CD009DF5D9 /* full_screen@2x.png */; };
		DC85F1D1207162CD009DF5D9 /* play.png in Resources */ = {isa = PBXBuildFile; fileRef = DC85F125207162CD009DF5D9 /* play.png */; };
		DC85F1D2207162CD009DF5D9 /* SBPlayer.m in Sources */ = {isa = PBXBuildFile; fileRef = DC85F127207162CD009DF5D9 /* SBPlayer.m */; };
		DC85F1D3207162CD009DF5D9 /* SBPauseOrPlayView.m in Sources */ = {isa = PBXBuildFile; fileRef = DC85F128207162CD009DF5D9 /* SBPauseOrPlayView.m */; };
		DC85F1D4207162CD009DF5D9 /* SBControlView.m in Sources */ = {isa = PBXBuildFile; fileRef = DC85F129207162CD009DF5D9 /* SBControlView.m */; };
		DC85F1EA207162CD009DF5D9 /* 压缩.mp4 in Resources */ = {isa = PBXBuildFile; fileRef = DC85F156207162CD009DF5D9 /* 压缩.mp4 */; };
		DC85F1EB207162CD009DF5D9 /* IntroViewModel.m in Sources */ = {isa = PBXBuildFile; fileRef = DC85F159207162CD009DF5D9 /* IntroViewModel.m */; };
		DC85F1EC207162CD009DF5D9 /* ServiceTeamViewController.m in Sources */ = {isa = PBXBuildFile; fileRef = DC85F15C207162CD009DF5D9 /* ServiceTeamViewController.m */; };
		DC85F1ED207162CD009DF5D9 /* AboutViewController.m in Sources */ = {isa = PBXBuildFile; fileRef = DC85F15D207162CD009DF5D9 /* AboutViewController.m */; };
		DC85F1EE207162CD009DF5D9 /* MedicalTeamViewController.m in Sources */ = {isa = PBXBuildFile; fileRef = DC85F15E207162CD009DF5D9 /* MedicalTeamViewController.m */; };
		DC85F1EF207162CD009DF5D9 /* AreaNavViewController.m in Sources */ = {isa = PBXBuildFile; fileRef = DC85F163207162CD009DF5D9 /* AreaNavViewController.m */; };
		DC85F1F0207162CD009DF5D9 /* ISYOUViewController.m in Sources */ = {isa = PBXBuildFile; fileRef = DC85F166207162CD009DF5D9 /* ISYOUViewController.m */; };
		DC85F1F1207162CD009DF5D9 /* BaseIntroViewController.m in Sources */ = {isa = PBXBuildFile; fileRef = DC85F167207162CD009DF5D9 /* BaseIntroViewController.m */; };
		DC85F1F2207162CD009DF5D9 /* ServiceTeamModel.m in Sources */ = {isa = PBXBuildFile; fileRef = DC85F169207162CD009DF5D9 /* ServiceTeamModel.m */; };
		DC85F1F3207162CD009DF5D9 /* IsyouModel.m in Sources */ = {isa = PBXBuildFile; fileRef = DC85F16E207162CD009DF5D9 /* IsyouModel.m */; };
		DC85F1F4207162CD009DF5D9 /* MedicalTeamModel.m in Sources */ = {isa = PBXBuildFile; fileRef = DC85F16F207162CD009DF5D9 /* MedicalTeamModel.m */; };
		DC85F1F5207162CD009DF5D9 /* AboutModel.m in Sources */ = {isa = PBXBuildFile; fileRef = DC85F171207162CD009DF5D9 /* AboutModel.m */; };
		DC85F1F6207162CD009DF5D9 /* AreaModel.m in Sources */ = {isa = PBXBuildFile; fileRef = DC85F172207162CD009DF5D9 /* AreaModel.m */; };
		DC85F1F7207162CD009DF5D9 /* SHBAVController.m in Sources */ = {isa = PBXBuildFile; fileRef = DC85F174207162CD009DF5D9 /* SHBAVController.m */; };
		DC85F1F8207162CD009DF5D9 /* MenuViewController.m in Sources */ = {isa = PBXBuildFile; fileRef = DC85F177207162CD009DF5D9 /* MenuViewController.m */; };
		DC85F1F9207162CD009DF5D9 /* MenuViewModel.m in Sources */ = {isa = PBXBuildFile; fileRef = DC85F17A207162CD009DF5D9 /* MenuViewModel.m */; };
		DC85F1FA207162CD009DF5D9 /* PlasticViewController.m in Sources */ = {isa = PBXBuildFile; fileRef = DC85F17D207162CD009DF5D9 /* PlasticViewController.m */; };
		DC85F1FB207162CD009DF5D9 /* LaserViewController.m in Sources */ = {isa = PBXBuildFile; fileRef = DC85F17F207162CD009DF5D9 /* LaserViewController.m */; };
		DC85F1FC207162CD009DF5D9 /* InjectionViewController.m in Sources */ = {isa = PBXBuildFile; fileRef = DC85F180207162CD009DF5D9 /* InjectionViewController.m */; };
		DC85F1FD207162CD009DF5D9 /* HealthViewController.m in Sources */ = {isa = PBXBuildFile; fileRef = DC85F182207162CD009DF5D9 /* HealthViewController.m */; };
		DC85F1FE207162CD009DF5D9 /* BaseMenuViewController.m in Sources */ = {isa = PBXBuildFile; fileRef = DC85F186207162CD009DF5D9 /* BaseMenuViewController.m */; };
		DC85F1FF207162CD009DF5D9 /* InjectionDetailViewController.m in Sources */ = {isa = PBXBuildFile; fileRef = DC85F18A207162CD009DF5D9 /* InjectionDetailViewController.m */; };
		DC85F200207162CD009DF5D9 /* LaserDetailViewController.m in Sources */ = {isa = PBXBuildFile; fileRef = DC85F18C207162CD009DF5D9 /* LaserDetailViewController.m */; };
		DC85F201207162CD009DF5D9 /* PlasticDetailViewController.m in Sources */ = {isa = PBXBuildFile; fileRef = DC85F18D207162CD009DF5D9 /* PlasticDetailViewController.m */; };
		DC85F202207162CD009DF5D9 /* HealthDetailViewController.m in Sources */ = {isa = PBXBuildFile; fileRef = DC85F18E207162CD009DF5D9 /* HealthDetailViewController.m */; };
		DC85F203207162CD009DF5D9 /* InjectionModel.m in Sources */ = {isa = PBXBuildFile; fileRef = DC85F191207162CD009DF5D9 /* InjectionModel.m */; };
		DC85F204207162CD009DF5D9 /* LaserModel.m in Sources */ = {isa = PBXBuildFile; fileRef = DC85F192207162CD009DF5D9 /* LaserModel.m */; };
		DC85F205207162CD009DF5D9 /* HealthModel.m in Sources */ = {isa = PBXBuildFile; fileRef = DC85F194207162CD009DF5D9 /* HealthModel.m */; };
		DC85F206207162CD009DF5D9 /* PlasticModel.m in Sources */ = {isa = PBXBuildFile; fileRef = DC85F197207162CD009DF5D9 /* PlasticModel.m */; };
		DC85F207207162CD009DF5D9 /* HWCircleView.m in Sources */ = {isa = PBXBuildFile; fileRef = DC85F19D207162CD009DF5D9 /* HWCircleView.m */; };
		DC85F208207162CD009DF5D9 /* BaseMenuCell.m in Sources */ = {isa = PBXBuildFile; fileRef = DC85F19F207162CD009DF5D9 /* BaseMenuCell.m */; };
		DC85F209207162CD009DF5D9 /* ChildMenuBarView.m in Sources */ = {isa = PBXBuildFile; fileRef = DC85F1A0207162CD009DF5D9 /* ChildMenuBarView.m */; };
		DC85F20A207162CD009DF5D9 /* MenuBarView.m in Sources */ = {isa = PBXBuildFile; fileRef = DC85F1A1207162CD009DF5D9 /* MenuBarView.m */; };
		DC85F20B207162CD009DF5D9 /* MenuBarView.xib in Resources */ = {isa = PBXBuildFile; fileRef = DC85F1A2207162CD009DF5D9 /* MenuBarView.xib */; };
		DC85F20C207162CD009DF5D9 /* UpdateView.m in Sources */ = {isa = PBXBuildFile; fileRef = DC85F1A3207162CD009DF5D9 /* UpdateView.m */; };
		DC85F20D207162CD009DF5D9 /* BaseMenuCell.xib in Resources */ = {isa = PBXBuildFile; fileRef = DC85F1A5207162CD009DF5D9 /* BaseMenuCell.xib */; };
		DE3400048AB06D05D6F8F4D2 /* libPods-ISYOU_iPhone.a in Frameworks */ = {isa = PBXBuildFile; fileRef = AF97E88D32D8BC3FBE9DD865 /* libPods-ISYOU_iPhone.a */; };
/* End PBXBuildFile section */

/* Begin PBXContainerItemProxy section */
		DC85EDB720713C7B009DF5D9 /* PBXContainerItemProxy */ = {
			isa = PBXContainerItemProxy;
			containerPortal = DC85ED9620713C78009DF5D9 /* Project object */;
			proxyType = 1;
			remoteGlobalIDString = DC85ED9D20713C78009DF5D9;
			remoteInfo = ISYOU_iPhone;
		};
		DC85EDC220713C7B009DF5D9 /* PBXContainerItemProxy */ = {
			isa = PBXContainerItemProxy;
			containerPortal = DC85ED9620713C78009DF5D9 /* Project object */;
			proxyType = 1;
			remoteGlobalIDString = DC85ED9D20713C78009DF5D9;
			remoteInfo = ISYOU_iPhone;
		};
/* End PBXContainerItemProxy section */

/* Begin PBXFileReference section */
		11E3E3F6B14EDC8A00BAF045 /* Pods-ISYOU_iPhone.release.xcconfig */ = {isa = PBXFileReference; includeInIndex = 1; lastKnownFileType = text.xcconfig; name = "Pods-ISYOU_iPhone.release.xcconfig"; path = "Pods/Target Support Files/Pods-ISYOU_iPhone/Pods-ISYOU_iPhone.release.xcconfig"; sourceTree = "<group>"; };
		192AB43009736EF75EF4B80D /* libPods-ISYOU_iPhoneUITests.a */ = {isa = PBXFileReference; explicitFileType = archive.ar; includeInIndex = 0; path = "libPods-ISYOU_iPhoneUITests.a"; sourceTree = BUILT_PRODUCTS_DIR; };
		962447B83DBC88A1DC18C9D7 /* Pods-ISYOU_iPhone.debug.xcconfig */ = {isa = PBXFileReference; includeInIndex = 1; lastKnownFileType = text.xcconfig; name = "Pods-ISYOU_iPhone.debug.xcconfig"; path = "Pods/Target Support Files/Pods-ISYOU_iPhone/Pods-ISYOU_iPhone.debug.xcconfig"; sourceTree = "<group>"; };
		AF97E88D32D8BC3FBE9DD865 /* libPods-ISYOU_iPhone.a */ = {isa = PBXFileReference; explicitFileType = archive.ar; includeInIndex = 0; path = "libPods-ISYOU_iPhone.a"; sourceTree = BUILT_PRODUCTS_DIR; };
		DC85ED9E20713C78009DF5D9 /* ISYOU_iPhone.app */ = {isa = PBXFileReference; explicitFileType = wrapper.application; includeInIndex = 0; path = ISYOU_iPhone.app; sourceTree = BUILT_PRODUCTS_DIR; };
		DC85EDA120713C78009DF5D9 /* AppDelegate.h */ = {isa = PBXFileReference; lastKnownFileType = sourcecode.c.h; path = AppDelegate.h; sourceTree = "<group>"; };
		DC85EDA220713C78009DF5D9 /* AppDelegate.m */ = {isa = PBXFileReference; lastKnownFileType = sourcecode.c.objc; path = AppDelegate.m; sourceTree = "<group>"; };
		DC85EDA820713C78009DF5D9 /* Base */ = {isa = PBXFileReference; lastKnownFileType = file.storyboard; name = Base; path = Base.lproj/Main.storyboard; sourceTree = "<group>"; };
		DC85EDAA20713C7A009DF5D9 /* Assets.xcassets */ = {isa = PBXFileReference; lastKnownFileType = folder.assetcatalog; path = Assets.xcassets; sourceTree = "<group>"; };
		DC85EDAD20713C7A009DF5D9 /* Base */ = {isa = PBXFileReference; lastKnownFileType = file.storyboard; name = Base; path = Base.lproj/LaunchScreen.storyboard; sourceTree = "<group>"; };
		DC85EDAF20713C7A009DF5D9 /* Info.plist */ = {isa = PBXFileReference; lastKnownFileType = text.plist.xml; path = Info.plist; sourceTree = "<group>"; };
		DC85EDB020713C7A009DF5D9 /* main.m */ = {isa = PBXFileReference; lastKnownFileType = sourcecode.c.objc; path = main.m; sourceTree = "<group>"; };
		DC85EDB620713C7B009DF5D9 /* ISYOU_iPhoneTests.xctest */ = {isa = PBXFileReference; explicitFileType = wrapper.cfbundle; includeInIndex = 0; path = ISYOU_iPhoneTests.xctest; sourceTree = BUILT_PRODUCTS_DIR; };
		DC85EDBA20713C7B009DF5D9 /* ISYOU_iPhoneTests.m */ = {isa = PBXFileReference; lastKnownFileType = sourcecode.c.objc; path = ISYOU_iPhoneTests.m; sourceTree = "<group>"; };
		DC85EDBC20713C7B009DF5D9 /* Info.plist */ = {isa = PBXFileReference; lastKnownFileType = text.plist.xml; path = Info.plist; sourceTree = "<group>"; };
		DC85EDC120713C7B009DF5D9 /* ISYOU_iPhoneUITests.xctest */ = {isa = PBXFileReference; explicitFileType = wrapper.cfbundle; includeInIndex = 0; path = ISYOU_iPhoneUITests.xctest; sourceTree = BUILT_PRODUCTS_DIR; };
		DC85EDC520713C7B009DF5D9 /* ISYOU_iPhoneUITests.m */ = {isa = PBXFileReference; lastKnownFileType = sourcecode.c.objc; path = ISYOU_iPhoneUITests.m; sourceTree = "<group>"; };
		DC85EDC720713C7B009DF5D9 /* Info.plist */ = {isa = PBXFileReference; lastKnownFileType = text.plist.xml; path = Info.plist; sourceTree = "<group>"; };
		DC85F0BD207162CD009DF5D9 /* NetworkTool.m */ = {isa = PBXFileReference; fileEncoding = 4; lastKnownFileType = sourcecode.c.objc; path = NetworkTool.m; sourceTree = "<group>"; };
		DC85F0BF207162CD009DF5D9 /* UIViewExt.m */ = {isa = PBXFileReference; fileEncoding = 4; lastKnownFileType = sourcecode.c.objc; path = UIViewExt.m; sourceTree = "<group>"; };
		DC85F0C0207162CD009DF5D9 /* UIViewExt.h */ = {isa = PBXFileReference; fileEncoding = 4; lastKnownFileType = sourcecode.c.h; path = UIViewExt.h; sourceTree = "<group>"; };
		DC85F0C1207162CD009DF5D9 /* NetworkTool.h */ = {isa = PBXFileReference; fileEncoding = 4; lastKnownFileType = sourcecode.c.h; path = NetworkTool.h; sourceTree = "<group>"; };
		DC85F0C3207162CD009DF5D9 /* ISYOU_PrefixHeader.pch */ = {isa = PBXFileReference; fileEncoding = 4; lastKnownFileType = sourcecode.c.h; path = ISYOU_PrefixHeader.pch; sourceTree = "<group>"; };
		DC85F0C4207162CD009DF5D9 /* UserDefault_Macro.h */ = {isa = PBXFileReference; fileEncoding = 4; lastKnownFileType = sourcecode.c.h; path = UserDefault_Macro.h; sourceTree = "<group>"; };
		DC85F0C5207162CD009DF5D9 /* Singleton.h */ = {isa = PBXFileReference; fileEncoding = 4; lastKnownFileType = sourcecode.c.h; path = Singleton.h; sourceTree = "<group>"; };
		DC85F0C6207162CD009DF5D9 /* Macro.h */ = {isa = PBXFileReference; fileEncoding = 4; lastKnownFileType = sourcecode.c.h; path = Macro.h; sourceTree = "<group>"; };
		DC85F0D5207162CD009DF5D9 /* YLButton.h */ = {isa = PBXFileReference; fileEncoding = 4; lastKnownFileType = sourcecode.c.h; path = YLButton.h; sourceTree = "<group>"; };
		DC85F0D6207162CD009DF5D9 /* YLButton.m */ = {isa = PBXFileReference; fileEncoding = 4; lastKnownFileType = sourcecode.c.objc; path = YLButton.m; sourceTree = "<group>"; };
		DC85F0FA207162CD009DF5D9 /* ZFPlayerModel.m */ = {isa = PBXFileReference; fileEncoding = 4; lastKnownFileType = sourcecode.c.objc; path = ZFPlayerModel.m; sourceTree = "<group>"; };
		DC85F0FB207162CD009DF5D9 /* ZFPlayerControlViewDelegate.h */ = {isa = PBXFileReference; fileEncoding = 4; lastKnownFileType = sourcecode.c.h; path = ZFPlayerControlViewDelegate.h; sourceTree = "<group>"; };
		DC85F0FC207162CD009DF5D9 /* ZFPlayerControlView.h */ = {isa = PBXFileReference; fileEncoding = 4; lastKnownFileType = sourcecode.c.h; path = ZFPlayerControlView.h; sourceTree = "<group>"; };
		DC85F0FD207162CD009DF5D9 /* ASValuePopUpView.h */ = {isa = PBXFileReference; fileEncoding = 4; lastKnownFileType = sourcecode.c.h; path = ASValuePopUpView.h; sourceTree = "<group>"; };
		DC85F0FF207162CD009DF5D9 /* UIWindow+CurrentViewController.h */ = {isa = PBXFileReference; fileEncoding = 4; lastKnownFileType = sourcecode.c.h; path = "UIWindow+CurrentViewController.h"; sourceTree = "<group>"; };
		DC85F100207162CD009DF5D9 /* UITabBarController+ZFPlayerRotation.m */ = {isa = PBXFileReference; fileEncoding = 4; lastKnownFileType = sourcecode.c.objc; path = "UITabBarController+ZFPlayerRotation.m"; sourceTree = "<group>"; };
		DC85F101207162CD009DF5D9 /* UINavigationController+ZFPlayerRotation.h */ = {isa = PBXFileReference; fileEncoding = 4; lastKnownFileType = sourcecode.c.h; path = "UINavigationController+ZFPlayerRotation.h"; sourceTree = "<group>"; };
		DC85F102207162CD009DF5D9 /* UIView+CustomControlView.h */ = {isa = PBXFileReference; fileEncoding = 4; lastKnownFileType = sourcecode.c.h; path = "UIView+CustomControlView.h"; sourceTree = "<group>"; };
		DC85F103207162CD009DF5D9 /* UIViewController+ZFPlayerRotation.h */ = {isa = PBXFileReference; fileEncoding = 4; lastKnownFileType = sourcecode.c.h; path = "UIViewController+ZFPlayerRotation.h"; sourceTree = "<group>"; };
		DC85F104207162CD009DF5D9 /* UIImageView+ZFCache.h */ = {isa = PBXFileReference; fileEncoding = 4; lastKnownFileType = sourcecode.c.h; path = "UIImageView+ZFCache.h"; sourceTree = "<group>"; };
		DC85F105207162CD009DF5D9 /* UIAlertController+ZFPlayerRotation.h */ = {isa = PBXFileReference; fileEncoding = 4; lastKnownFileType = sourcecode.c.h; path = "UIAlertController+ZFPlayerRotation.h"; sourceTree = "<group>"; };
		DC85F106207162CD009DF5D9 /* UITabBarController+ZFPlayerRotation.h */ = {isa = PBXFileReference; fileEncoding = 4; lastKnownFileType = sourcecode.c.h; path = "UITabBarController+ZFPlayerRotation.h"; sourceTree = "<group>"; };
		DC85F107207162CD009DF5D9 /* UIWindow+CurrentViewController.m */ = {isa = PBXFileReference; fileEncoding = 4; lastKnownFileType = sourcecode.c.objc; path = "UIWindow+CurrentViewController.m"; sourceTree = "<group>"; };
		DC85F108207162CD009DF5D9 /* UIView+CustomControlView.m */ = {isa = PBXFileReference; fileEncoding = 4; lastKnownFileType = sourcecode.c.objc; path = "UIView+CustomControlView.m"; sourceTree = "<group>"; };
		DC85F109207162CD009DF5D9 /* UINavigationController+ZFPlayerRotation.m */ = {isa = PBXFileReference; fileEncoding = 4; lastKnownFileType = sourcecode.c.objc; path = "UINavigationController+ZFPlayerRotation.m"; sourceTree = "<group>"; };
		DC85F10A207162CD009DF5D9 /* UIAlertController+ZFPlayerRotation.m */ = {isa = PBXFileReference; fileEncoding = 4; lastKnownFileType = sourcecode.c.objc; path = "UIAlertController+ZFPlayerRotation.m"; sourceTree = "<group>"; };
		DC85F10B207162CD009DF5D9 /* UIImageView+ZFCache.m */ = {isa = PBXFileReference; fileEncoding = 4; lastKnownFileType = sourcecode.c.objc; path = "UIImageView+ZFCache.m"; sourceTree = "<group>"; };
		DC85F10C207162CD009DF5D9 /* UIViewController+ZFPlayerRotation.m */ = {isa = PBXFileReference; fileEncoding = 4; lastKnownFileType = sourcecode.c.objc; path = "UIViewController+ZFPlayerRotation.m"; sourceTree = "<group>"; };
		DC85F10D207162CD009DF5D9 /* MMMaterialDesignSpinner.h */ = {isa = PBXFileReference; fileEncoding = 4; lastKnownFileType = sourcecode.c.h; path = MMMaterialDesignSpinner.h; sourceTree = "<group>"; };
		DC85F10E207162CD009DF5D9 /* ZFPlayerView.h */ = {isa = PBXFileReference; fileEncoding = 4; lastKnownFileType = sourcecode.c.h; path = ZFPlayerView.h; sourceTree = "<group>"; };
		DC85F10F207162CD009DF5D9 /* ASValueTrackingSlider.h */ = {isa = PBXFileReference; fileEncoding = 4; lastKnownFileType = sourcecode.c.h; path = ASValueTrackingSlider.h; sourceTree = "<group>"; };
		DC85F110207162CD009DF5D9 /* ZFPlayer.h */ = {isa = PBXFileReference; fileEncoding = 4; lastKnownFileType = sourcecode.c.h; path = ZFPlayer.h; sourceTree = "<group>"; };
		DC85F111207162CD009DF5D9 /* ZFBrightnessView.m */ = {isa = PBXFileReference; fileEncoding = 4; lastKnownFileType = sourcecode.c.objc; path = ZFBrightnessView.m; sourceTree = "<group>"; };
		DC85F112207162CD009DF5D9 /* ZFPlayer.bundle */ = {isa = PBXFileReference; lastKnownFileType = "wrapper.plug-in"; path = ZFPlayer.bundle; sourceTree = "<group>"; };
		DC85F113207162CD009DF5D9 /* ZFPlayerModel.h */ = {isa = PBXFileReference; fileEncoding = 4; lastKnownFileType = sourcecode.c.h; path = ZFPlayerModel.h; sourceTree = "<group>"; };
		DC85F114207162CD009DF5D9 /* ASValuePopUpView.m */ = {isa = PBXFileReference; fileEncoding = 4; lastKnownFileType = sourcecode.c.objc; path = ASValuePopUpView.m; sourceTree = "<group>"; };
		DC85F115207162CD009DF5D9 /* ZFPlayerControlView.m */ = {isa = PBXFileReference; fileEncoding = 4; lastKnownFileType = sourcecode.c.objc; path = ZFPlayerControlView.m; sourceTree = "<group>"; };
		DC85F116207162CD009DF5D9 /* ZFPlayerView.m */ = {isa = PBXFileReference; fileEncoding = 4; lastKnownFileType = sourcecode.c.objc; path = ZFPlayerView.m; sourceTree = "<group>"; };
		DC85F117207162CD009DF5D9 /* MMMaterialDesignSpinner.m */ = {isa = PBXFileReference; fileEncoding = 4; lastKnownFileType = sourcecode.c.objc; path = MMMaterialDesignSpinner.m; sourceTree = "<group>"; };
		DC85F118207162CD009DF5D9 /* ZFBrightnessView.h */ = {isa = PBXFileReference; fileEncoding = 4; lastKnownFileType = sourcecode.c.h; path = ZFBrightnessView.h; sourceTree = "<group>"; };
		DC85F119207162CD009DF5D9 /* ASValueTrackingSlider.m */ = {isa = PBXFileReference; fileEncoding = 4; lastKnownFileType = sourcecode.c.objc; path = ASValueTrackingSlider.m; sourceTree = "<group>"; };
		DC85F11B207162CD009DF5D9 /* SBPauseOrPlayView.h */ = {isa = PBXFileReference; fileEncoding = 4; lastKnownFileType = sourcecode.c.h; path = SBPauseOrPlayView.h; sourceTree = "<group>"; };
		DC85F11C207162CD009DF5D9 /* SBPlayer.h */ = {isa = PBXFileReference; fileEncoding = 4; lastKnownFileType = sourcecode.c.h; path = SBPlayer.h; sourceTree = "<group>"; };
		DC85F11D207162CD009DF5D9 /* SBCommonHeader.h */ = {isa = PBXFileReference; fileEncoding = 4; lastKnownFileType = sourcecode.c.h; path = SBCommonHeader.h; sourceTree = "<group>"; };
		DC85F11F207162CD009DF5D9 /* pause@2x.png */ = {isa = PBXFileReference; lastKnownFileType = image.png; path = "pause@2x.png"; sourceTree = "<group>"; };
		DC85F120207162CD009DF5D9 /* play@2x.png */ = {isa = PBXFileReference; lastKnownFileType = image.png; path = "play@2x.png"; sourceTree = "<group>"; };
		DC85F121207162CD009DF5D9 /* knob.png */ = {isa = PBXFileReference; lastKnownFileType = image.png; path = knob.png; sourceTree = "<group>"; };
		DC85F122207162CD009DF5D9 /* pause.png */ = {isa = PBXFileReference; lastKnownFileType = image.png; path = pause.png; sourceTree = "<group>"; };
		DC85F123207162CD009DF5D9 /* full_screen.png */ = {isa = PBXFileReference; lastKnownFileType = image.png; path = full_screen.png; sourceTree = "<group>"; };
		DC85F124207162CD009DF5D9 /* full_screen@2x.png */ = {isa = PBXFileReference; lastKnownFileType = image.png; path = "full_screen@2x.png"; sourceTree = "<group>"; };
		DC85F125207162CD009DF5D9 /* play.png */ = {isa = PBXFileReference; lastKnownFileType = image.png; path = play.png; sourceTree = "<group>"; };
		DC85F126207162CD009DF5D9 /* SBControlView.h */ = {isa = PBXFileReference; fileEncoding = 4; lastKnownFileType = sourcecode.c.h; path = SBControlView.h; sourceTree = "<group>"; };
		DC85F127207162CD009DF5D9 /* SBPlayer.m */ = {isa = PBXFileReference; fileEncoding = 4; lastKnownFileType = sourcecode.c.objc; path = SBPlayer.m; sourceTree = "<group>"; };
		DC85F128207162CD009DF5D9 /* SBPauseOrPlayView.m */ = {isa = PBXFileReference; fileEncoding = 4; lastKnownFileType = sourcecode.c.objc; path = SBPauseOrPlayView.m; sourceTree = "<group>"; };
		DC85F129207162CD009DF5D9 /* SBControlView.m */ = {isa = PBXFileReference; fileEncoding = 4; lastKnownFileType = sourcecode.c.objc; path = SBControlView.m; sourceTree = "<group>"; };
		DC85F156207162CD009DF5D9 /* 压缩.mp4 */ = {isa = PBXFileReference; lastKnownFileType = file; path = "压缩.mp4"; sourceTree = "<group>"; };
		DC85F159207162CD009DF5D9 /* IntroViewModel.m */ = {isa = PBXFileReference; fileEncoding = 4; lastKnownFileType = sourcecode.c.objc; path = IntroViewModel.m; sourceTree = "<group>"; };
		DC85F15A207162CD009DF5D9 /* IntroViewModel.h */ = {isa = PBXFileReference; fileEncoding = 4; lastKnownFileType = sourcecode.c.h; path = IntroViewModel.h; sourceTree = "<group>"; };
		DC85F15C207162CD009DF5D9 /* ServiceTeamViewController.m */ = {isa = PBXFileReference; fileEncoding = 4; lastKnownFileType = sourcecode.c.objc; path = ServiceTeamViewController.m; sourceTree = "<group>"; };
		DC85F15D207162CD009DF5D9 /* AboutViewController.m */ = {isa = PBXFileReference; fileEncoding = 4; lastKnownFileType = sourcecode.c.objc; path = AboutViewController.m; sourceTree = "<group>"; };
		DC85F15E207162CD009DF5D9 /* MedicalTeamViewController.m */ = {isa = PBXFileReference; fileEncoding = 4; lastKnownFileType = sourcecode.c.objc; path = MedicalTeamViewController.m; sourceTree = "<group>"; };
		DC85F15F207162CD009DF5D9 /* AreaNavViewController.h */ = {isa = PBXFileReference; fileEncoding = 4; lastKnownFileType = sourcecode.c.h; path = AreaNavViewController.h; sourceTree = "<group>"; };
		DC85F160207162CD009DF5D9 /* ISYOUViewController.h */ = {isa = PBXFileReference; fileEncoding = 4; lastKnownFileType = sourcecode.c.h; path = ISYOUViewController.h; sourceTree = "<group>"; };
		DC85F161207162CD009DF5D9 /* BaseIntroViewController.h */ = {isa = PBXFileReference; fileEncoding = 4; lastKnownFileType = sourcecode.c.h; path = BaseIntroViewController.h; sourceTree = "<group>"; };
		DC85F162207162CD009DF5D9 /* ServiceTeamViewController.h */ = {isa = PBXFileReference; fileEncoding = 4; lastKnownFileType = sourcecode.c.h; path = ServiceTeamViewController.h; sourceTree = "<group>"; };
		DC85F163207162CD009DF5D9 /* AreaNavViewController.m */ = {isa = PBXFileReference; fileEncoding = 4; lastKnownFileType = sourcecode.c.objc; path = AreaNavViewController.m; sourceTree = "<group>"; };
		DC85F164207162CD009DF5D9 /* MedicalTeamViewController.h */ = {isa = PBXFileReference; fileEncoding = 4; lastKnownFileType = sourcecode.c.h; path = MedicalTeamViewController.h; sourceTree = "<group>"; };
		DC85F165207162CD009DF5D9 /* AboutViewController.h */ = {isa = PBXFileReference; fileEncoding = 4; lastKnownFileType = sourcecode.c.h; path = AboutViewController.h; sourceTree = "<group>"; };
		DC85F166207162CD009DF5D9 /* ISYOUViewController.m */ = {isa = PBXFileReference; fileEncoding = 4; lastKnownFileType = sourcecode.c.objc; path = ISYOUViewController.m; sourceTree = "<group>"; };
		DC85F167207162CD009DF5D9 /* BaseIntroViewController.m */ = {isa = PBXFileReference; fileEncoding = 4; lastKnownFileType = sourcecode.c.objc; path = BaseIntroViewController.m; sourceTree = "<group>"; };
		DC85F169207162CD009DF5D9 /* ServiceTeamModel.m */ = {isa = PBXFileReference; fileEncoding = 4; lastKnownFileType = sourcecode.c.objc; path = ServiceTeamModel.m; sourceTree = "<group>"; };
		DC85F16A207162CD009DF5D9 /* MedicalTeamModel.h */ = {isa = PBXFileReference; fileEncoding = 4; lastKnownFileType = sourcecode.c.h; path = MedicalTeamModel.h; sourceTree = "<group>"; };
		DC85F16B207162CD009DF5D9 /* IsyouModel.h */ = {isa = PBXFileReference; fileEncoding = 4; lastKnownFileType = sourcecode.c.h; path = IsyouModel.h; sourceTree = "<group>"; };
		DC85F16C207162CD009DF5D9 /* AboutModel.h */ = {isa = PBXFileReference; fileEncoding = 4; lastKnownFileType = sourcecode.c.h; path = AboutModel.h; sourceTree = "<group>"; };
		DC85F16D207162CD009DF5D9 /* AreaModel.h */ = {isa = PBXFileReference; fileEncoding = 4; lastKnownFileType = sourcecode.c.h; path = AreaModel.h; sourceTree = "<group>"; };
		DC85F16E207162CD009DF5D9 /* IsyouModel.m */ = {isa = PBXFileReference; fileEncoding = 4; lastKnownFileType = sourcecode.c.objc; path = IsyouModel.m; sourceTree = "<group>"; };
		DC85F16F207162CD009DF5D9 /* MedicalTeamModel.m */ = {isa = PBXFileReference; fileEncoding = 4; lastKnownFileType = sourcecode.c.objc; path = MedicalTeamModel.m; sourceTree = "<group>"; };
		DC85F170207162CD009DF5D9 /* ServiceTeamModel.h */ = {isa = PBXFileReference; fileEncoding = 4; lastKnownFileType = sourcecode.c.h; path = ServiceTeamModel.h; sourceTree = "<group>"; };
		DC85F171207162CD009DF5D9 /* AboutModel.m */ = {isa = PBXFileReference; fileEncoding = 4; lastKnownFileType = sourcecode.c.objc; path = AboutModel.m; sourceTree = "<group>"; };
		DC85F172207162CD009DF5D9 /* AreaModel.m */ = {isa = PBXFileReference; fileEncoding = 4; lastKnownFileType = sourcecode.c.objc; path = AreaModel.m; sourceTree = "<group>"; };
		DC85F174207162CD009DF5D9 /* SHBAVController.m */ = {isa = PBXFileReference; fileEncoding = 4; lastKnownFileType = sourcecode.c.objc; path = SHBAVController.m; sourceTree = "<group>"; };
		DC85F175207162CD009DF5D9 /* MenuViewController.h */ = {isa = PBXFileReference; fileEncoding = 4; lastKnownFileType = sourcecode.c.h; path = MenuViewController.h; sourceTree = "<group>"; };
		DC85F176207162CD009DF5D9 /* SHBAVController.h */ = {isa = PBXFileReference; fileEncoding = 4; lastKnownFileType = sourcecode.c.h; path = SHBAVController.h; sourceTree = "<group>"; };
		DC85F177207162CD009DF5D9 /* MenuViewController.m */ = {isa = PBXFileReference; fileEncoding = 4; lastKnownFileType = sourcecode.c.objc; path = MenuViewController.m; sourceTree = "<group>"; };
		DC85F17A207162CD009DF5D9 /* MenuViewModel.m */ = {isa = PBXFileReference; fileEncoding = 4; lastKnownFileType = sourcecode.c.objc; path = MenuViewModel.m; sourceTree = "<group>"; };
		DC85F17B207162CD009DF5D9 /* MenuViewModel.h */ = {isa = PBXFileReference; fileEncoding = 4; lastKnownFileType = sourcecode.c.h; path = MenuViewModel.h; sourceTree = "<group>"; };
		DC85F17D207162CD009DF5D9 /* PlasticViewController.m */ = {isa = PBXFileReference; fileEncoding = 4; lastKnownFileType = sourcecode.c.objc; path = PlasticViewController.m; sourceTree = "<group>"; };
		DC85F17E207162CD009DF5D9 /* HealthViewController.h */ = {isa = PBXFileReference; fileEncoding = 4; lastKnownFileType = sourcecode.c.h; path = HealthViewController.h; sourceTree = "<group>"; };
		DC85F17F207162CD009DF5D9 /* LaserViewController.m */ = {isa = PBXFileReference; fileEncoding = 4; lastKnownFileType = sourcecode.c.objc; path = LaserViewController.m; sourceTree = "<group>"; };
		DC85F180207162CD009DF5D9 /* InjectionViewController.m */ = {isa = PBXFileReference; fileEncoding = 4; lastKnownFileType = sourcecode.c.objc; path = InjectionViewController.m; sourceTree = "<group>"; };
		DC85F181207162CD009DF5D9 /* BaseMenuViewController.h */ = {isa = PBXFileReference; fileEncoding = 4; lastKnownFileType = sourcecode.c.h; path = BaseMenuViewController.h; sourceTree = "<group>"; };
		DC85F182207162CD009DF5D9 /* HealthViewController.m */ = {isa = PBXFileReference; fileEncoding = 4; lastKnownFileType = sourcecode.c.objc; path = HealthViewController.m; sourceTree = "<group>"; };
		DC85F183207162CD009DF5D9 /* PlasticViewController.h */ = {isa = PBXFileReference; fileEncoding = 4; lastKnownFileType = sourcecode.c.h; path = PlasticViewController.h; sourceTree = "<group>"; };
		DC85F184207162CD009DF5D9 /* InjectionViewController.h */ = {isa = PBXFileReference; fileEncoding = 4; lastKnownFileType = sourcecode.c.h; path = InjectionViewController.h; sourceTree = "<group>"; };
		DC85F185207162CD009DF5D9 /* LaserViewController.h */ = {isa = PBXFileReference; fileEncoding = 4; lastKnownFileType = sourcecode.c.h; path = LaserViewController.h; sourceTree = "<group>"; };
		DC85F186207162CD009DF5D9 /* BaseMenuViewController.m */ = {isa = PBXFileReference; fileEncoding = 4; lastKnownFileType = sourcecode.c.objc; path = BaseMenuViewController.m; sourceTree = "<group>"; };
		DC85F188207162CD009DF5D9 /* LaserDetailViewController.h */ = {isa = PBXFileReference; fileEncoding = 4; lastKnownFileType = sourcecode.c.h; path = LaserDetailViewController.h; sourceTree = "<group>"; };
		DC85F189207162CD009DF5D9 /* PlasticDetailViewController.h */ = {isa = PBXFileReference; fileEncoding = 4; lastKnownFileType = sourcecode.c.h; path = PlasticDetailViewController.h; sourceTree = "<group>"; };
		DC85F18A207162CD009DF5D9 /* InjectionDetailViewController.m */ = {isa = PBXFileReference; fileEncoding = 4; lastKnownFileType = sourcecode.c.objc; path = InjectionDetailViewController.m; sourceTree = "<group>"; };
		DC85F18B207162CD009DF5D9 /* HealthDetailViewController.h */ = {isa = PBXFileReference; fileEncoding = 4; lastKnownFileType = sourcecode.c.h; path = HealthDetailViewController.h; sourceTree = "<group>"; };
		DC85F18C207162CD009DF5D9 /* LaserDetailViewController.m */ = {isa = PBXFileReference; fileEncoding = 4; lastKnownFileType = sourcecode.c.objc; path = LaserDetailViewController.m; sourceTree = "<group>"; };
		DC85F18D207162CD009DF5D9 /* PlasticDetailViewController.m */ = {isa = PBXFileReference; fileEncoding = 4; lastKnownFileType = sourcecode.c.objc; path = PlasticDetailViewController.m; sourceTree = "<group>"; };
		DC85F18E207162CD009DF5D9 /* HealthDetailViewController.m */ = {isa = PBXFileReference; fileEncoding = 4; lastKnownFileType = sourcecode.c.objc; path = HealthDetailViewController.m; sourceTree = "<group>"; };
		DC85F18F207162CD009DF5D9 /* InjectionDetailViewController.h */ = {isa = PBXFileReference; fileEncoding = 4; lastKnownFileType = sourcecode.c.h; path = InjectionDetailViewController.h; sourceTree = "<group>"; };
		DC85F191207162CD009DF5D9 /* InjectionModel.m */ = {isa = PBXFileReference; fileEncoding = 4; lastKnownFileType = sourcecode.c.objc; path = InjectionModel.m; sourceTree = "<group>"; };
		DC85F192207162CD009DF5D9 /* LaserModel.m */ = {isa = PBXFileReference; fileEncoding = 4; lastKnownFileType = sourcecode.c.objc; path = LaserModel.m; sourceTree = "<group>"; };
		DC85F193207162CD009DF5D9 /* PlasticModel.h */ = {isa = PBXFileReference; fileEncoding = 4; lastKnownFileType = sourcecode.c.h; path = PlasticModel.h; sourceTree = "<group>"; };
		DC85F194207162CD009DF5D9 /* HealthModel.m */ = {isa = PBXFileReference; fileEncoding = 4; lastKnownFileType = sourcecode.c.objc; path = HealthModel.m; sourceTree = "<group>"; };
		DC85F195207162CD009DF5D9 /* InjectionModel.h */ = {isa = PBXFileReference; fileEncoding = 4; lastKnownFileType = sourcecode.c.h; path = InjectionModel.h; sourceTree = "<group>"; };
		DC85F196207162CD009DF5D9 /* HealthModel.h */ = {isa = PBXFileReference; fileEncoding = 4; lastKnownFileType = sourcecode.c.h; path = HealthModel.h; sourceTree = "<group>"; };
		DC85F197207162CD009DF5D9 /* PlasticModel.m */ = {isa = PBXFileReference; fileEncoding = 4; lastKnownFileType = sourcecode.c.objc; path = PlasticModel.m; sourceTree = "<group>"; };
		DC85F198207162CD009DF5D9 /* LaserModel.h */ = {isa = PBXFileReference; fileEncoding = 4; lastKnownFileType = sourcecode.c.h; path = LaserModel.h; sourceTree = "<group>"; };
		DC85F19A207162CD009DF5D9 /* ChildMenuBarView.h */ = {isa = PBXFileReference; fileEncoding = 4; lastKnownFileType = sourcecode.c.h; path = ChildMenuBarView.h; sourceTree = "<group>"; };
		DC85F19B207162CD009DF5D9 /* BaseMenuCell.h */ = {isa = PBXFileReference; fileEncoding = 4; lastKnownFileType = sourcecode.c.h; path = BaseMenuCell.h; sourceTree = "<group>"; };
		DC85F19C207162CD009DF5D9 /* MenuBarView.h */ = {isa = PBXFileReference; fileEncoding = 4; lastKnownFileType = sourcecode.c.h; path = MenuBarView.h; sourceTree = "<group>"; };
		DC85F19D207162CD009DF5D9 /* HWCircleView.m */ = {isa = PBXFileReference; fileEncoding = 4; lastKnownFileType = sourcecode.c.objc; path = HWCircleView.m; sourceTree = "<group>"; };
		DC85F19E207162CD009DF5D9 /* UpdateView.h */ = {isa = PBXFileReference; fileEncoding = 4; lastKnownFileType = sourcecode.c.h; path = UpdateView.h; sourceTree = "<group>"; };
		DC85F19F207162CD009DF5D9 /* BaseMenuCell.m */ = {isa = PBXFileReference; fileEncoding = 4; lastKnownFileType = sourcecode.c.objc; path = BaseMenuCell.m; sourceTree = "<group>"; };
		DC85F1A0207162CD009DF5D9 /* ChildMenuBarView.m */ = {isa = PBXFileReference; fileEncoding = 4; lastKnownFileType = sourcecode.c.objc; path = ChildMenuBarView.m; sourceTree = "<group>"; };
		DC85F1A1207162CD009DF5D9 /* MenuBarView.m */ = {isa = PBXFileReference; fileEncoding = 4; lastKnownFileType = sourcecode.c.objc; path = MenuBarView.m; sourceTree = "<group>"; };
		DC85F1A2207162CD009DF5D9 /* MenuBarView.xib */ = {isa = PBXFileReference; fileEncoding = 4; lastKnownFileType = file.xib; path = MenuBarView.xib; sourceTree = "<group>"; };
		DC85F1A3207162CD009DF5D9 /* UpdateView.m */ = {isa = PBXFileReference; fileEncoding = 4; lastKnownFileType = sourcecode.c.objc; path = UpdateView.m; sourceTree = "<group>"; };
		DC85F1A4207162CD009DF5D9 /* HWCircleView.h */ = {isa = PBXFileReference; fileEncoding = 4; lastKnownFileType = sourcecode.c.h; path = HWCircleView.h; sourceTree = "<group>"; };
		DC85F1A5207162CD009DF5D9 /* BaseMenuCell.xib */ = {isa = PBXFileReference; fileEncoding = 4; lastKnownFileType = file.xib; path = BaseMenuCell.xib; sourceTree = "<group>"; };
		EDC24928DD9A5C1FA85060CB /* libPods-ISYOU_iPhoneTests.a */ = {isa = PBXFileReference; explicitFileType = archive.ar; includeInIndex = 0; path = "libPods-ISYOU_iPhoneTests.a"; sourceTree = BUILT_PRODUCTS_DIR; };
/* End PBXFileReference section */

/* Begin PBXFrameworksBuildPhase section */
		DC85ED9B20713C78009DF5D9 /* Frameworks */ = {
			isa = PBXFrameworksBuildPhase;
			buildActionMask = 2147483647;
			files = (
				DE3400048AB06D05D6F8F4D2 /* libPods-ISYOU_iPhone.a in Frameworks */,
			);
			runOnlyForDeploymentPostprocessing = 0;
		};
		DC85EDB320713C7B009DF5D9 /* Frameworks */ = {
			isa = PBXFrameworksBuildPhase;
			buildActionMask = 2147483647;
			files = (
			);
			runOnlyForDeploymentPostprocessing = 0;
		};
		DC85EDBE20713C7B009DF5D9 /* Frameworks */ = {
			isa = PBXFrameworksBuildPhase;
			buildActionMask = 2147483647;
			files = (
			);
			runOnlyForDeploymentPostprocessing = 0;
		};
/* End PBXFrameworksBuildPhase section */

/* Begin PBXGroup section */
		2AE593B718FB4F77C42D4998 /* Frameworks */ = {
			isa = PBXGroup;
			children = (
				AF97E88D32D8BC3FBE9DD865 /* libPods-ISYOU_iPhone.a */,
				EDC24928DD9A5C1FA85060CB /* libPods-ISYOU_iPhoneTests.a */,
				192AB43009736EF75EF4B80D /* libPods-ISYOU_iPhoneUITests.a */,
			);
			name = Frameworks;
			sourceTree = "<group>";
		};
		3DF3F44A0FECC8A736883E50 /* Pods */ = {
			isa = PBXGroup;
			children = (
				962447B83DBC88A1DC18C9D7 /* Pods-ISYOU_iPhone.debug.xcconfig */,
				11E3E3F6B14EDC8A00BAF045 /* Pods-ISYOU_iPhone.release.xcconfig */,
			);
			name = Pods;
			sourceTree = "<group>";
		};
		DC85ED9520713C78009DF5D9 = {
			isa = PBXGroup;
			children = (
				DC85EDA020713C78009DF5D9 /* ISYOU_iPhone */,
				DC85EDB920713C7B009DF5D9 /* ISYOU_iPhoneTests */,
				DC85EDC420713C7B009DF5D9 /* ISYOU_iPhoneUITests */,
				DC85ED9F20713C78009DF5D9 /* Products */,
				3DF3F44A0FECC8A736883E50 /* Pods */,
				2AE593B718FB4F77C42D4998 /* Frameworks */,
			);
			sourceTree = "<group>";
		};
		DC85ED9F20713C78009DF5D9 /* Products */ = {
			isa = PBXGroup;
			children = (
				DC85ED9E20713C78009DF5D9 /* ISYOU_iPhone.app */,
				DC85EDB620713C7B009DF5D9 /* ISYOU_iPhoneTests.xctest */,
				DC85EDC120713C7B009DF5D9 /* ISYOU_iPhoneUITests.xctest */,
			);
			name = Products;
			sourceTree = "<group>";
		};
		DC85EDA020713C78009DF5D9 /* ISYOU_iPhone */ = {
			isa = PBXGroup;
			children = (
				DC85F0BB207162CD009DF5D9 /* Classes */,
				DC85EDA120713C78009DF5D9 /* AppDelegate.h */,
				DC85EDA220713C78009DF5D9 /* AppDelegate.m */,
				DC85EDA720713C78009DF5D9 /* Main.storyboard */,
				DC85EDAA20713C7A009DF5D9 /* Assets.xcassets */,
				DC85EDAC20713C7A009DF5D9 /* LaunchScreen.storyboard */,
				DC85EDAF20713C7A009DF5D9 /* Info.plist */,
				DC85EDB020713C7A009DF5D9 /* main.m */,
			);
			path = ISYOU_iPhone;
			sourceTree = "<group>";
		};
		DC85EDB920713C7B009DF5D9 /* ISYOU_iPhoneTests */ = {
			isa = PBXGroup;
			children = (
				DC85EDBA20713C7B009DF5D9 /* ISYOU_iPhoneTests.m */,
				DC85EDBC20713C7B009DF5D9 /* Info.plist */,
			);
			path = ISYOU_iPhoneTests;
			sourceTree = "<group>";
		};
		DC85EDC420713C7B009DF5D9 /* ISYOU_iPhoneUITests */ = {
			isa = PBXGroup;
			children = (
				DC85EDC520713C7B009DF5D9 /* ISYOU_iPhoneUITests.m */,
				DC85EDC720713C7B009DF5D9 /* Info.plist */,
			);
			path = ISYOU_iPhoneUITests;
			sourceTree = "<group>";
		};
		DC85F0BB207162CD009DF5D9 /* Classes */ = {
			isa = PBXGroup;
			children = (
				DC85F0BC207162CD009DF5D9 /* Tools */,
				DC85F0C2207162CD009DF5D9 /* Others */,
				DC85F157207162CD009DF5D9 /* Intro(介绍) */,
				DC85F173207162CD009DF5D9 /* Main */,
				DC85F178207162CD009DF5D9 /* Meun(目录) */,
			);
			path = Classes;
			sourceTree = "<group>";
		};
		DC85F0BC207162CD009DF5D9 /* Tools */ = {
			isa = PBXGroup;
			children = (
				DC85F0BD207162CD009DF5D9 /* NetworkTool.m */,
				DC85F0BE207162CD009DF5D9 /* Category */,
				DC85F0C1207162CD009DF5D9 /* NetworkTool.h */,
			);
			path = Tools;
			sourceTree = "<group>";
		};
		DC85F0BE207162CD009DF5D9 /* Category */ = {
			isa = PBXGroup;
			children = (
				DC85F0BF207162CD009DF5D9 /* UIViewExt.m */,
				DC85F0C0207162CD009DF5D9 /* UIViewExt.h */,
			);
			path = Category;
			sourceTree = "<group>";
		};
		DC85F0C2207162CD009DF5D9 /* Others */ = {
			isa = PBXGroup;
			children = (
				DC85F0C3207162CD009DF5D9 /* ISYOU_PrefixHeader.pch */,
				DC85F0C4207162CD009DF5D9 /* UserDefault_Macro.h */,
				DC85F0C5207162CD009DF5D9 /* Singleton.h */,
				DC85F0C6207162CD009DF5D9 /* Macro.h */,
				DC85F0C7207162CD009DF5D9 /* Lib */,
				DC85F156207162CD009DF5D9 /* 压缩.mp4 */,
			);
			path = Others;
			sourceTree = "<group>";
		};
		DC85F0C7207162CD009DF5D9 /* Lib */ = {
			isa = PBXGroup;
			children = (
				DC85F0D4207162CD009DF5D9 /* YLButton */,
				DC85F0F9207162CD009DF5D9 /* ZFPlayer */,
				DC85F11A207162CD009DF5D9 /* SBPlayer */,
			);
			path = Lib;
			sourceTree = "<group>";
		};
		DC85F0D4207162CD009DF5D9 /* YLButton */ = {
			isa = PBXGroup;
			children = (
				DC85F0D5207162CD009DF5D9 /* YLButton.h */,
				DC85F0D6207162CD009DF5D9 /* YLButton.m */,
			);
			path = YLButton;
			sourceTree = "<group>";
		};
		DC85F0F9207162CD009DF5D9 /* ZFPlayer */ = {
			isa = PBXGroup;
			children = (
				DC85F0FA207162CD009DF5D9 /* ZFPlayerModel.m */,
				DC85F0FB207162CD009DF5D9 /* ZFPlayerControlViewDelegate.h */,
				DC85F0FC207162CD009DF5D9 /* ZFPlayerControlView.h */,
				DC85F0FD207162CD009DF5D9 /* ASValuePopUpView.h */,
				DC85F0FE207162CD009DF5D9 /* Category */,
				DC85F10D207162CD009DF5D9 /* MMMaterialDesignSpinner.h */,
				DC85F10E207162CD009DF5D9 /* ZFPlayerView.h */,
				DC85F10F207162CD009DF5D9 /* ASValueTrackingSlider.h */,
				DC85F110207162CD009DF5D9 /* ZFPlayer.h */,
				DC85F111207162CD009DF5D9 /* ZFBrightnessView.m */,
				DC85F112207162CD009DF5D9 /* ZFPlayer.bundle */,
				DC85F113207162CD009DF5D9 /* ZFPlayerModel.h */,
				DC85F114207162CD009DF5D9 /* ASValuePopUpView.m */,
				DC85F115207162CD009DF5D9 /* ZFPlayerControlView.m */,
				DC85F116207162CD009DF5D9 /* ZFPlayerView.m */,
				DC85F117207162CD009DF5D9 /* MMMaterialDesignSpinner.m */,
				DC85F118207162CD009DF5D9 /* ZFBrightnessView.h */,
				DC85F119207162CD009DF5D9 /* ASValueTrackingSlider.m */,
			);
			path = ZFPlayer;
			sourceTree = "<group>";
		};
		DC85F0FE207162CD009DF5D9 /* Category */ = {
			isa = PBXGroup;
			children = (
				DC85F0FF207162CD009DF5D9 /* UIWindow+CurrentViewController.h */,
				DC85F100207162CD009DF5D9 /* UITabBarController+ZFPlayerRotation.m */,
				DC85F101207162CD009DF5D9 /* UINavigationController+ZFPlayerRotation.h */,
				DC85F102207162CD009DF5D9 /* UIView+CustomControlView.h */,
				DC85F103207162CD009DF5D9 /* UIViewController+ZFPlayerRotation.h */,
				DC85F104207162CD009DF5D9 /* UIImageView+ZFCache.h */,
				DC85F105207162CD009DF5D9 /* UIAlertController+ZFPlayerRotation.h */,
				DC85F106207162CD009DF5D9 /* UITabBarController+ZFPlayerRotation.h */,
				DC85F107207162CD009DF5D9 /* UIWindow+CurrentViewController.m */,
				DC85F108207162CD009DF5D9 /* UIView+CustomControlView.m */,
				DC85F109207162CD009DF5D9 /* UINavigationController+ZFPlayerRotation.m */,
				DC85F10A207162CD009DF5D9 /* UIAlertController+ZFPlayerRotation.m */,
				DC85F10B207162CD009DF5D9 /* UIImageView+ZFCache.m */,
				DC85F10C207162CD009DF5D9 /* UIViewController+ZFPlayerRotation.m */,
			);
			path = Category;
			sourceTree = "<group>";
		};
		DC85F11A207162CD009DF5D9 /* SBPlayer */ = {
			isa = PBXGroup;
			children = (
				DC85F11B207162CD009DF5D9 /* SBPauseOrPlayView.h */,
				DC85F11C207162CD009DF5D9 /* SBPlayer.h */,
				DC85F11D207162CD009DF5D9 /* SBCommonHeader.h */,
				DC85F11E207162CD009DF5D9 /* Source */,
				DC85F126207162CD009DF5D9 /* SBControlView.h */,
				DC85F127207162CD009DF5D9 /* SBPlayer.m */,
				DC85F128207162CD009DF5D9 /* SBPauseOrPlayView.m */,
				DC85F129207162CD009DF5D9 /* SBControlView.m */,
			);
			path = SBPlayer;
			sourceTree = "<group>";
		};
		DC85F11E207162CD009DF5D9 /* Source */ = {
			isa = PBXGroup;
			children = (
				DC85F11F207162CD009DF5D9 /* pause@2x.png */,
				DC85F120207162CD009DF5D9 /* play@2x.png */,
				DC85F121207162CD009DF5D9 /* knob.png */,
				DC85F122207162CD009DF5D9 /* pause.png */,
				DC85F123207162CD009DF5D9 /* full_screen.png */,
				DC85F124207162CD009DF5D9 /* full_screen@2x.png */,
				DC85F125207162CD009DF5D9 /* play.png */,
			);
			path = Source;
			sourceTree = "<group>";
		};
		DC85F157207162CD009DF5D9 /* Intro(介绍) */ = {
			isa = PBXGroup;
			children = (
				DC85F158207162CD009DF5D9 /* ViewModel */,
				DC85F15B207162CD009DF5D9 /* Controller */,
				DC85F168207162CD009DF5D9 /* Model */,
			);
			path = "Intro(介绍)";
			sourceTree = "<group>";
		};
		DC85F158207162CD009DF5D9 /* ViewModel */ = {
			isa = PBXGroup;
			children = (
				DC85F15A207162CD009DF5D9 /* IntroViewModel.h */,
				DC85F159207162CD009DF5D9 /* IntroViewModel.m */,
			);
			path = ViewModel;
			sourceTree = "<group>";
		};
		DC85F15B207162CD009DF5D9 /* Controller */ = {
			isa = PBXGroup;
			children = (
				DC85F161207162CD009DF5D9 /* BaseIntroViewController.h */,
				DC85F167207162CD009DF5D9 /* BaseIntroViewController.m */,
				DC85F164207162CD009DF5D9 /* MedicalTeamViewController.h */,
				DC85F15E207162CD009DF5D9 /* MedicalTeamViewController.m */,
				DC85F162207162CD009DF5D9 /* ServiceTeamViewController.h */,
				DC85F15C207162CD009DF5D9 /* ServiceTeamViewController.m */,
				DC85F163207162CD009DF5D9 /* AreaNavViewController.m */,
				DC85F15F207162CD009DF5D9 /* AreaNavViewController.h */,
				DC85F165207162CD009DF5D9 /* AboutViewController.h */,
				DC85F15D207162CD009DF5D9 /* AboutViewController.m */,
				DC85F160207162CD009DF5D9 /* ISYOUViewController.h */,
				DC85F166207162CD009DF5D9 /* ISYOUViewController.m */,
			);
			path = Controller;
			sourceTree = "<group>";
		};
		DC85F168207162CD009DF5D9 /* Model */ = {
			isa = PBXGroup;
			children = (
				DC85F169207162CD009DF5D9 /* ServiceTeamModel.m */,
				DC85F16A207162CD009DF5D9 /* MedicalTeamModel.h */,
				DC85F16B207162CD009DF5D9 /* IsyouModel.h */,
				DC85F16C207162CD009DF5D9 /* AboutModel.h */,
				DC85F16D207162CD009DF5D9 /* AreaModel.h */,
				DC85F16E207162CD009DF5D9 /* IsyouModel.m */,
				DC85F16F207162CD009DF5D9 /* MedicalTeamModel.m */,
				DC85F170207162CD009DF5D9 /* ServiceTeamModel.h */,
				DC85F171207162CD009DF5D9 /* AboutModel.m */,
				DC85F172207162CD009DF5D9 /* AreaModel.m */,
			);
			path = Model;
			sourceTree = "<group>";
		};
		DC85F173207162CD009DF5D9 /* Main */ = {
			isa = PBXGroup;
			children = (
				DC85F176207162CD009DF5D9 /* SHBAVController.h */,
				DC85F174207162CD009DF5D9 /* SHBAVController.m */,
				DC85F175207162CD009DF5D9 /* MenuViewController.h */,
				DC85F177207162CD009DF5D9 /* MenuViewController.m */,
			);
			path = Main;
			sourceTree = "<group>";
		};
		DC85F178207162CD009DF5D9 /* Meun(目录) */ = {
			isa = PBXGroup;
			children = (
				DC85F179207162CD009DF5D9 /* ViewModel */,
				DC85F17C207162CD009DF5D9 /* Controller */,
				DC85F187207162CD009DF5D9 /* DetailController */,
				DC85F190207162CD009DF5D9 /* Model */,
				DC85F199207162CD009DF5D9 /* View */,
			);
			path = "Meun(目录)";
			sourceTree = "<group>";
		};
		DC85F179207162CD009DF5D9 /* ViewModel */ = {
			isa = PBXGroup;
			children = (
				DC85F17B207162CD009DF5D9 /* MenuViewModel.h */,
				DC85F17A207162CD009DF5D9 /* MenuViewModel.m */,
			);
			path = ViewModel;
			sourceTree = "<group>";
		};
		DC85F17C207162CD009DF5D9 /* Controller */ = {
			isa = PBXGroup;
			children = (
				DC85F185207162CD009DF5D9 /* LaserViewController.h */,
				DC85F17F207162CD009DF5D9 /* LaserViewController.m */,
				DC85F183207162CD009DF5D9 /* PlasticViewController.h */,
				DC85F17D207162CD009DF5D9 /* PlasticViewController.m */,
				DC85F17E207162CD009DF5D9 /* HealthViewController.h */,
				DC85F182207162CD009DF5D9 /* HealthViewController.m */,
				DC85F184207162CD009DF5D9 /* InjectionViewController.h */,
				DC85F180207162CD009DF5D9 /* InjectionViewController.m */,
				DC85F181207162CD009DF5D9 /* BaseMenuViewController.h */,
				DC85F186207162CD009DF5D9 /* BaseMenuViewController.m */,
			);
			path = Controller;
			sourceTree = "<group>";
		};
		DC85F187207162CD009DF5D9 /* DetailController */ = {
			isa = PBXGroup;
			children = (
				DC85F188207162CD009DF5D9 /* LaserDetailViewController.h */,
				DC85F189207162CD009DF5D9 /* PlasticDetailViewController.h */,
				DC85F18A207162CD009DF5D9 /* InjectionDetailViewController.m */,
				DC85F18B207162CD009DF5D9 /* HealthDetailViewController.h */,
				DC85F18C207162CD009DF5D9 /* LaserDetailViewController.m */,
				DC85F18D207162CD009DF5D9 /* PlasticDetailViewController.m */,
				DC85F18E207162CD009DF5D9 /* HealthDetailViewController.m */,
				DC85F18F207162CD009DF5D9 /* InjectionDetailViewController.h */,
			);
			path = DetailController;
			sourceTree = "<group>";
		};
		DC85F190207162CD009DF5D9 /* Model */ = {
			isa = PBXGroup;
			children = (
				DC85F191207162CD009DF5D9 /* InjectionModel.m */,
				DC85F192207162CD009DF5D9 /* LaserModel.m */,
				DC85F193207162CD009DF5D9 /* PlasticModel.h */,
				DC85F194207162CD009DF5D9 /* HealthModel.m */,
				DC85F195207162CD009DF5D9 /* InjectionModel.h */,
				DC85F196207162CD009DF5D9 /* HealthModel.h */,
				DC85F197207162CD009DF5D9 /* PlasticModel.m */,
				DC85F198207162CD009DF5D9 /* LaserModel.h */,
			);
			path = Model;
			sourceTree = "<group>";
		};
		DC85F199207162CD009DF5D9 /* View */ = {
			isa = PBXGroup;
			children = (
				DC85F19A207162CD009DF5D9 /* ChildMenuBarView.h */,
				DC85F19B207162CD009DF5D9 /* BaseMenuCell.h */,
				DC85F19C207162CD009DF5D9 /* MenuBarView.h */,
				DC85F19D207162CD009DF5D9 /* HWCircleView.m */,
				DC85F19E207162CD009DF5D9 /* UpdateView.h */,
				DC85F19F207162CD009DF5D9 /* BaseMenuCell.m */,
				DC85F1A0207162CD009DF5D9 /* ChildMenuBarView.m */,
				DC85F1A1207162CD009DF5D9 /* MenuBarView.m */,
				DC85F1A2207162CD009DF5D9 /* MenuBarView.xib */,
				DC85F1A3207162CD009DF5D9 /* UpdateView.m */,
				DC85F1A4207162CD009DF5D9 /* HWCircleView.h */,
				DC85F1A5207162CD009DF5D9 /* BaseMenuCell.xib */,
			);
			path = View;
			sourceTree = "<group>";
		};
/* End PBXGroup section */

/* Begin PBXNativeTarget section */
		DC85ED9D20713C78009DF5D9 /* ISYOU_iPhone */ = {
			isa = PBXNativeTarget;
			buildConfigurationList = DC85EDCA20713C7B009DF5D9 /* Build configuration list for PBXNativeTarget "ISYOU_iPhone" */;
			buildPhases = (
				D08B6AC52A7F2B03DDBFD50C /* [CP] Check Pods Manifest.lock */,
				DC85ED9A20713C78009DF5D9 /* Sources */,
				DC85ED9B20713C78009DF5D9 /* Frameworks */,
				DC85ED9C20713C78009DF5D9 /* Resources */,
				89B4E9CEFCCED17E922C9FE3 /* [CP] Embed Pods Frameworks */,
				2C2DD3EF9F64AB5A16C29C36 /* [CP] Copy Pods Resources */,
			);
			buildRules = (
			);
			dependencies = (
			);
			name = ISYOU_iPhone;
			productName = ISYOU_iPhone;
			productReference = DC85ED9E20713C78009DF5D9 /* ISYOU_iPhone.app */;
			productType = "com.apple.product-type.application";
		};
		DC85EDB520713C7B009DF5D9 /* ISYOU_iPhoneTests */ = {
			isa = PBXNativeTarget;
			buildConfigurationList = DC85EDCD20713C7B009DF5D9 /* Build configuration list for PBXNativeTarget "ISYOU_iPhoneTests" */;
			buildPhases = (
				DC85EDB220713C7B009DF5D9 /* Sources */,
				DC85EDB320713C7B009DF5D9 /* Frameworks */,
				DC85EDB420713C7B009DF5D9 /* Resources */,
			);
			buildRules = (
			);
			dependencies = (
				DC85EDB820713C7B009DF5D9 /* PBXTargetDependency */,
			);
			name = ISYOU_iPhoneTests;
			productName = ISYOU_iPhoneTests;
			productReference = DC85EDB620713C7B009DF5D9 /* ISYOU_iPhoneTests.xctest */;
			productType = "com.apple.product-type.bundle.unit-test";
		};
		DC85EDC020713C7B009DF5D9 /* ISYOU_iPhoneUITests */ = {
			isa = PBXNativeTarget;
			buildConfigurationList = DC85EDD020713C7B009DF5D9 /* Build configuration list for PBXNativeTarget "ISYOU_iPhoneUITests" */;
			buildPhases = (
				DC85EDBD20713C7B009DF5D9 /* Sources */,
				DC85EDBE20713C7B009DF5D9 /* Frameworks */,
				DC85EDBF20713C7B009DF5D9 /* Resources */,
			);
			buildRules = (
			);
			dependencies = (
				DC85EDC320713C7B009DF5D9 /* PBXTargetDependency */,
			);
			name = ISYOU_iPhoneUITests;
			productName = ISYOU_iPhoneUITests;
			productReference = DC85EDC120713C7B009DF5D9 /* ISYOU_iPhoneUITests.xctest */;
			productType = "com.apple.product-type.bundle.ui-testing";
		};
/* End PBXNativeTarget section */

/* Begin PBXProject section */
		DC85ED9620713C78009DF5D9 /* Project object */ = {
			isa = PBXProject;
			attributes = {
				LastUpgradeCheck = 0930;
				ORGANIZATIONNAME = isyou;
				TargetAttributes = {
					DC85ED9D20713C78009DF5D9 = {
						CreatedOnToolsVersion = 9.3;
					};
					DC85EDB520713C7B009DF5D9 = {
						CreatedOnToolsVersion = 9.3;
						TestTargetID = DC85ED9D20713C78009DF5D9;
					};
					DC85EDC020713C7B009DF5D9 = {
						CreatedOnToolsVersion = 9.3;
						TestTargetID = DC85ED9D20713C78009DF5D9;
					};
				};
			};
			buildConfigurationList = DC85ED9920713C78009DF5D9 /* Build configuration list for PBXProject "ISYOU_iPhone" */;
			compatibilityVersion = "Xcode 9.3";
			developmentRegion = en;
			hasScannedForEncodings = 0;
			knownRegions = (
				en,
				Base,
			);
			mainGroup = DC85ED9520713C78009DF5D9;
			productRefGroup = DC85ED9F20713C78009DF5D9 /* Products */;
			projectDirPath = "";
			projectRoot = "";
			targets = (
				DC85ED9D20713C78009DF5D9 /* ISYOU_iPhone */,
				DC85EDB520713C7B009DF5D9 /* ISYOU_iPhoneTests */,
				DC85EDC020713C7B009DF5D9 /* ISYOU_iPhoneUITests */,
			);
		};
/* End PBXProject section */

/* Begin PBXResourcesBuildPhase section */
		DC85ED9C20713C78009DF5D9 /* Resources */ = {
			isa = PBXResourcesBuildPhase;
			buildActionMask = 2147483647;
			files = (
				DC85F20D207162CD009DF5D9 /* BaseMenuCell.xib in Resources */,
				DC85F1CC207162CD009DF5D9 /* play@2x.png in Resources */,
				DC85F1CB207162CD009DF5D9 /* pause@2x.png in Resources */,
				DC85EDAE20713C7A009DF5D9 /* LaunchScreen.storyboard in Resources */,
				DC85F1CF207162CD009DF5D9 /* full_screen.png in Resources */,
				DC85F20B207162CD009DF5D9 /* MenuBarView.xib in Resources */,
				DC85F1D1207162CD009DF5D9 /* play.png in Resources */,
				DC85F1EA207162CD009DF5D9 /* 压缩.mp4 in Resources */,
				DC85F1D0207162CD009DF5D9 /* full_screen@2x.png in Resources */,
				DC85EDAB20713C7A009DF5D9 /* Assets.xcassets in Resources */,
				DC85F1CE207162CD009DF5D9 /* pause.png in Resources */,
				DC85F1CD207162CD009DF5D9 /* knob.png in Resources */,
				DC85EDA920713C78009DF5D9 /* Main.storyboard in Resources */,
				DC85F1C5207162CD009DF5D9 /* ZFPlayer.bundle in Resources */,
			);
			runOnlyForDeploymentPostprocessing = 0;
		};
		DC85EDB420713C7B009DF5D9 /* Resources */ = {
			isa = PBXResourcesBuildPhase;
			buildActionMask = 2147483647;
			files = (
			);
			runOnlyForDeploymentPostprocessing = 0;
		};
		DC85EDBF20713C7B009DF5D9 /* Resources */ = {
			isa = PBXResourcesBuildPhase;
			buildActionMask = 2147483647;
			files = (
			);
			runOnlyForDeploymentPostprocessing = 0;
		};
/* End PBXResourcesBuildPhase section */

/* Begin PBXShellScriptBuildPhase section */
		2C2DD3EF9F64AB5A16C29C36 /* [CP] Copy Pods Resources */ = {
			isa = PBXShellScriptBuildPhase;
			buildActionMask = 2147483647;
			files = (
			);
			inputPaths = (
				"${SRCROOT}/Pods/Target Support Files/Pods-ISYOU_iPhone/Pods-ISYOU_iPhone-resources.sh",
				"${PODS_CONFIGURATION_BUILD_DIR}/MWPhotoBrowser/MWPhotoBrowser.bundle",
			);
			name = "[CP] Copy Pods Resources";
			outputPaths = (
				"${TARGET_BUILD_DIR}/${UNLOCALIZED_RESOURCES_FOLDER_PATH}/MWPhotoBrowser.bundle",
			);
			runOnlyForDeploymentPostprocessing = 0;
			shellPath = /bin/sh;
			shellScript = "\"${SRCROOT}/Pods/Target Support Files/Pods-ISYOU_iPhone/Pods-ISYOU_iPhone-resources.sh\"\n";
			showEnvVarsInLog = 0;
		};
		89B4E9CEFCCED17E922C9FE3 /* [CP] Embed Pods Frameworks */ = {
			isa = PBXShellScriptBuildPhase;
			buildActionMask = 2147483647;
			files = (
			);
			inputPaths = (
			);
			name = "[CP] Embed Pods Frameworks";
			outputPaths = (
			);
			runOnlyForDeploymentPostprocessing = 0;
			shellPath = /bin/sh;
			shellScript = "\"${SRCROOT}/Pods/Target Support Files/Pods-ISYOU_iPhone/Pods-ISYOU_iPhone-frameworks.sh\"\n";
			showEnvVarsInLog = 0;
		};
		D08B6AC52A7F2B03DDBFD50C /* [CP] Check Pods Manifest.lock */ = {
			isa = PBXShellScriptBuildPhase;
			buildActionMask = 2147483647;
			files = (
			);
			inputPaths = (
				"${PODS_PODFILE_DIR_PATH}/Podfile.lock",
				"${PODS_ROOT}/Manifest.lock",
			);
			name = "[CP] Check Pods Manifest.lock";
			outputPaths = (
				"$(DERIVED_FILE_DIR)/Pods-ISYOU_iPhone-checkManifestLockResult.txt",
			);
			runOnlyForDeploymentPostprocessing = 0;
			shellPath = /bin/sh;
			shellScript = "diff \"${PODS_PODFILE_DIR_PATH}/Podfile.lock\" \"${PODS_ROOT}/Manifest.lock\" > /dev/null\nif [ $? != 0 ] ; then\n    # print error to STDERR\n    echo \"error: The sandbox is not in sync with the Podfile.lock. Run 'pod install' or update your CocoaPods installation.\" >&2\n    exit 1\nfi\n# This output is used by Xcode 'outputs' to avoid re-running this script phase.\necho \"SUCCESS\" > \"${SCRIPT_OUTPUT_FILE_0}\"\n";
			showEnvVarsInLog = 0;
		};
/* End PBXShellScriptBuildPhase section */

/* Begin PBXSourcesBuildPhase section */
		DC85ED9A20713C78009DF5D9 /* Sources */ = {
			isa = PBXSourcesBuildPhase;
			buildActionMask = 2147483647;
			files = (
				DC85F1C4207162CD009DF5D9 /* ZFBrightnessView.m in Sources */,
				DC85F20A207162CD009DF5D9 /* MenuBarView.m in Sources */,
				DC85F1A7207162CD009DF5D9 /* UIViewExt.m in Sources */,
				DC85F1F3207162CD009DF5D9 /* IsyouModel.m in Sources */,
				DC85F1F8207162CD009DF5D9 /* MenuViewController.m in Sources */,
				DC85F1D4207162CD009DF5D9 /* SBControlView.m in Sources */,
				DC85F1F7207162CD009DF5D9 /* SHBAVController.m in Sources */,
				DC85F1C6207162CD009DF5D9 /* ASValuePopUpView.m in Sources */,
				DC85F1C7207162CD009DF5D9 /* ZFPlayerControlView.m in Sources */,
				DC85F1BD207162CD009DF5D9 /* UITabBarController+ZFPlayerRotation.m in Sources */,
				DC85F1EF207162CD009DF5D9 /* AreaNavViewController.m in Sources */,
				DC85F200207162CD009DF5D9 /* LaserDetailViewController.m in Sources */,
				DC85F1F0207162CD009DF5D9 /* ISYOUViewController.m in Sources */,
				DC85F1F1207162CD009DF5D9 /* BaseIntroViewController.m in Sources */,
				DC85F1C9207162CD009DF5D9 /* MMMaterialDesignSpinner.m in Sources */,
				DC85EDB120713C7A009DF5D9 /* main.m in Sources */,
				DC85F1F2207162CD009DF5D9 /* ServiceTeamModel.m in Sources */,
				DC85F207207162CD009DF5D9 /* HWCircleView.m in Sources */,
				DC85F208207162CD009DF5D9 /* BaseMenuCell.m in Sources */,
				DC85F1F9207162CD009DF5D9 /* MenuViewModel.m in Sources */,
				DC85F1EB207162CD009DF5D9 /* IntroViewModel.m in Sources */,
				DC85EDA320713C78009DF5D9 /* AppDelegate.m in Sources */,
				DC85F1F5207162CD009DF5D9 /* AboutModel.m in Sources */,
				DC85F1FB207162CD009DF5D9 /* LaserViewController.m in Sources */,
				DC85F1FA207162CD009DF5D9 /* PlasticViewController.m in Sources */,
				DC85F201207162CD009DF5D9 /* PlasticDetailViewController.m in Sources */,
				DC85F209207162CD009DF5D9 /* ChildMenuBarView.m in Sources */,
				DC85F205207162CD009DF5D9 /* HealthModel.m in Sources */,
				DC85F1A6207162CD009DF5D9 /* NetworkTool.m in Sources */,
				DC85F1C3207162CD009DF5D9 /* UIViewController+ZFPlayerRotation.m in Sources */,
				DC85F204207162CD009DF5D9 /* LaserModel.m in Sources */,
				DC85F1BE207162CD009DF5D9 /* UIWindow+CurrentViewController.m in Sources */,
				DC85F206207162CD009DF5D9 /* PlasticModel.m in Sources */,
				DC85F1C2207162CD009DF5D9 /* UIImageView+ZFCache.m in Sources */,
				DC85F203207162CD009DF5D9 /* InjectionModel.m in Sources */,
				DC85F1BF207162CD009DF5D9 /* UIView+CustomControlView.m in Sources */,
				DC85F1FE207162CD009DF5D9 /* BaseMenuViewController.m in Sources */,
				DC85F1C8207162CD009DF5D9 /* ZFPlayerView.m in Sources */,
				DC85F1FF207162CD009DF5D9 /* InjectionDetailViewController.m in Sources */,
				DC85F1BC207162CD009DF5D9 /* ZFPlayerModel.m in Sources */,
				DC85F1EE207162CD009DF5D9 /* MedicalTeamViewController.m in Sources */,
				DC85F1EC207162CD009DF5D9 /* ServiceTeamViewController.m in Sources */,
				DC85F1CA207162CD009DF5D9 /* ASValueTrackingSlider.m in Sources */,
				DC85F1ED207162CD009DF5D9 /* AboutViewController.m in Sources */,
				DC85F1FD207162CD009DF5D9 /* HealthViewController.m in Sources */,
				DC85F1C1207162CD009DF5D9 /* UIAlertController+ZFPlayerRotation.m in Sources */,
				DC85F1AD207162CD009DF5D9 /* YLButton.m in Sources */,
				DC85F20C207162CD009DF5D9 /* UpdateView.m in Sources */,
				DC85F1F6207162CD009DF5D9 /* AreaModel.m in Sources */,
				DC85F1C0207162CD009DF5D9 /* UINavigationController+ZFPlayerRotation.m in Sources */,
				DC85F1F4207162CD009DF5D9 /* MedicalTeamModel.m in Sources */,
				DC85F1D3207162CD009DF5D9 /* SBPauseOrPlayView.m in Sources */,
				DC85F202207162CD009DF5D9 /* HealthDetailViewController.m in Sources */,
				DC85F1FC207162CD009DF5D9 /* InjectionViewController.m in Sources */,
				DC85F1D2207162CD009DF5D9 /* SBPlayer.m in Sources */,
			);
			runOnlyForDeploymentPostprocessing = 0;
		};
		DC85EDB220713C7B009DF5D9 /* Sources */ = {
			isa = PBXSourcesBuildPhase;
			buildActionMask = 2147483647;
			files = (
				DC85EDBB20713C7B009DF5D9 /* ISYOU_iPhoneTests.m in Sources */,
			);
			runOnlyForDeploymentPostprocessing = 0;
		};
		DC85EDBD20713C7B009DF5D9 /* Sources */ = {
			isa = PBXSourcesBuildPhase;
			buildActionMask = 2147483647;
			files = (
				DC85EDC620713C7B009DF5D9 /* ISYOU_iPhoneUITests.m in Sources */,
			);
			runOnlyForDeploymentPostprocessing = 0;
		};
/* End PBXSourcesBuildPhase section */

/* Begin PBXTargetDependency section */
		DC85EDB820713C7B009DF5D9 /* PBXTargetDependency */ = {
			isa = PBXTargetDependency;
			target = DC85ED9D20713C78009DF5D9 /* ISYOU_iPhone */;
			targetProxy = DC85EDB720713C7B009DF5D9 /* PBXContainerItemProxy */;
		};
		DC85EDC320713C7B009DF5D9 /* PBXTargetDependency */ = {
			isa = PBXTargetDependency;
			target = DC85ED9D20713C78009DF5D9 /* ISYOU_iPhone */;
			targetProxy = DC85EDC220713C7B009DF5D9 /* PBXContainerItemProxy */;
		};
/* End PBXTargetDependency section */

/* Begin PBXVariantGroup section */
		DC85EDA720713C78009DF5D9 /* Main.storyboard */ = {
			isa = PBXVariantGroup;
			children = (
				DC85EDA820713C78009DF5D9 /* Base */,
			);
			name = Main.storyboard;
			sourceTree = "<group>";
		};
		DC85EDAC20713C7A009DF5D9 /* LaunchScreen.storyboard */ = {
			isa = PBXVariantGroup;
			children = (
				DC85EDAD20713C7A009DF5D9 /* Base */,
			);
			name = LaunchScreen.storyboard;
			sourceTree = "<group>";
		};
/* End PBXVariantGroup section */

/* Begin XCBuildConfiguration section */
		DC85EDC820713C7B009DF5D9 /* Debug */ = {
			isa = XCBuildConfiguration;
			buildSettings = {
				ALWAYS_SEARCH_USER_PATHS = NO;
				CLANG_ANALYZER_NONNULL = YES;
				CLANG_ANALYZER_NUMBER_OBJECT_CONVERSION = YES_AGGRESSIVE;
				CLANG_CXX_LANGUAGE_STANDARD = "gnu++14";
				CLANG_CXX_LIBRARY = "libc++";
				CLANG_ENABLE_MODULES = YES;
				CLANG_ENABLE_OBJC_ARC = YES;
				CLANG_ENABLE_OBJC_WEAK = YES;
				CLANG_WARN_BLOCK_CAPTURE_AUTORELEASING = YES;
				CLANG_WARN_BOOL_CONVERSION = YES;
				CLANG_WARN_COMMA = YES;
				CLANG_WARN_CONSTANT_CONVERSION = YES;
				CLANG_WARN_DEPRECATED_OBJC_IMPLEMENTATIONS = YES;
				CLANG_WARN_DIRECT_OBJC_ISA_USAGE = YES_ERROR;
				CLANG_WARN_DOCUMENTATION_COMMENTS = YES;
				CLANG_WARN_EMPTY_BODY = YES;
				CLANG_WARN_ENUM_CONVERSION = YES;
				CLANG_WARN_INFINITE_RECURSION = YES;
				CLANG_WARN_INT_CONVERSION = YES;
				CLANG_WARN_NON_LITERAL_NULL_CONVERSION = YES;
				CLANG_WARN_OBJC_IMPLICIT_RETAIN_SELF = YES;
				CLANG_WARN_OBJC_LITERAL_CONVERSION = YES;
				CLANG_WARN_OBJC_ROOT_CLASS = YES_ERROR;
				CLANG_WARN_RANGE_LOOP_ANALYSIS = YES;
				CLANG_WARN_STRICT_PROTOTYPES = YES;
				CLANG_WARN_SUSPICIOUS_MOVE = YES;
				CLANG_WARN_UNGUARDED_AVAILABILITY = YES_AGGRESSIVE;
				CLANG_WARN_UNREACHABLE_CODE = YES;
				CLANG_WARN__DUPLICATE_METHOD_MATCH = YES;
				CODE_SIGN_IDENTITY = "iPhone Developer";
				COPY_PHASE_STRIP = NO;
				DEBUG_INFORMATION_FORMAT = dwarf;
				ENABLE_STRICT_OBJC_MSGSEND = YES;
				ENABLE_TESTABILITY = YES;
				GCC_C_LANGUAGE_STANDARD = gnu11;
				GCC_DYNAMIC_NO_PIC = NO;
				GCC_NO_COMMON_BLOCKS = YES;
				GCC_OPTIMIZATION_LEVEL = 0;
				GCC_PREPROCESSOR_DEFINITIONS = (
					"DEBUG=1",
					"$(inherited)",
				);
				GCC_WARN_64_TO_32_BIT_CONVERSION = YES;
				GCC_WARN_ABOUT_RETURN_TYPE = YES_ERROR;
				GCC_WARN_UNDECLARED_SELECTOR = YES;
				GCC_WARN_UNINITIALIZED_AUTOS = YES_AGGRESSIVE;
				GCC_WARN_UNUSED_FUNCTION = YES;
				GCC_WARN_UNUSED_VARIABLE = YES;
				IPHONEOS_DEPLOYMENT_TARGET = 11.3;
				MTL_ENABLE_DEBUG_INFO = YES;
				ONLY_ACTIVE_ARCH = YES;
				SDKROOT = iphoneos;
			};
			name = Debug;
		};
		DC85EDC920713C7B009DF5D9 /* Release */ = {
			isa = XCBuildConfiguration;
			buildSettings = {
				ALWAYS_SEARCH_USER_PATHS = NO;
				CLANG_ANALYZER_NONNULL = YES;
				CLANG_ANALYZER_NUMBER_OBJECT_CONVERSION = YES_AGGRESSIVE;
				CLANG_CXX_LANGUAGE_STANDARD = "gnu++14";
				CLANG_CXX_LIBRARY = "libc++";
				CLANG_ENABLE_MODULES = YES;
				CLANG_ENABLE_OBJC_ARC = YES;
				CLANG_ENABLE_OBJC_WEAK = YES;
				CLANG_WARN_BLOCK_CAPTURE_AUTORELEASING = YES;
				CLANG_WARN_BOOL_CONVERSION = YES;
				CLANG_WARN_COMMA = YES;
				CLANG_WARN_CONSTANT_CONVERSION = YES;
				CLANG_WARN_DEPRECATED_OBJC_IMPLEMENTATIONS = YES;
				CLANG_WARN_DIRECT_OBJC_ISA_USAGE = YES_ERROR;
				CLANG_WARN_DOCUMENTATION_COMMENTS = YES;
				CLANG_WARN_EMPTY_BODY = YES;
				CLANG_WARN_ENUM_CONVERSION = YES;
				CLANG_WARN_INFINITE_RECURSION = YES;
				CLANG_WARN_INT_CONVERSION = YES;
				CLANG_WARN_NON_LITERAL_NULL_CONVERSION = YES;
				CLANG_WARN_OBJC_IMPLICIT_RETAIN_SELF = YES;
				CLANG_WARN_OBJC_LITERAL_CONVERSION = YES;
				CLANG_WARN_OBJC_ROOT_CLASS = YES_ERROR;
				CLANG_WARN_RANGE_LOOP_ANALYSIS = YES;
				CLANG_WARN_STRICT_PROTOTYPES = YES;
				CLANG_WARN_SUSPICIOUS_MOVE = YES;
				CLANG_WARN_UNGUARDED_AVAILABILITY = YES_AGGRESSIVE;
				CLANG_WARN_UNREACHABLE_CODE = YES;
				CLANG_WARN__DUPLICATE_METHOD_MATCH = YES;
				CODE_SIGN_IDENTITY = "iPhone Developer";
				COPY_PHASE_STRIP = NO;
				DEBUG_INFORMATION_FORMAT = "dwarf-with-dsym";
				ENABLE_NS_ASSERTIONS = NO;
				ENABLE_STRICT_OBJC_MSGSEND = YES;
				GCC_C_LANGUAGE_STANDARD = gnu11;
				GCC_NO_COMMON_BLOCKS = YES;
				GCC_WARN_64_TO_32_BIT_CONVERSION = YES;
				GCC_WARN_ABOUT_RETURN_TYPE = YES_ERROR;
				GCC_WARN_UNDECLARED_SELECTOR = YES;
				GCC_WARN_UNINITIALIZED_AUTOS = YES_AGGRESSIVE;
				GCC_WARN_UNUSED_FUNCTION = YES;
				GCC_WARN_UNUSED_VARIABLE = YES;
				IPHONEOS_DEPLOYMENT_TARGET = 11.3;
				MTL_ENABLE_DEBUG_INFO = NO;
				SDKROOT = iphoneos;
				VALIDATE_PRODUCT = YES;
			};
			name = Release;
		};
		DC85EDCB20713C7B009DF5D9 /* Debug */ = {
			isa = XCBuildConfiguration;
			baseConfigurationReference = 962447B83DBC88A1DC18C9D7 /* Pods-ISYOU_iPhone.debug.xcconfig */;
			buildSettings = {
				ASSETCATALOG_COMPILER_APPICON_NAME = AppIcon;
				CODE_SIGN_STYLE = Automatic;
				DEVELOPMENT_TEAM = TX8X4G99PU;
				GCC_PRECOMPILE_PREFIX_HEADER = YES;
				GCC_PREFIX_HEADER = /Users/stephen/Documents/GitHub/ISYOU/ISYOU_iPhone/ISYOU_iPhone/Classes/Others/ISYOU_PrefixHeader.pch;
				INFOPLIST_FILE = ISYOU_iPhone/Info.plist;
				LD_RUNPATH_SEARCH_PATHS = (
					"$(inherited)",
					"@executable_path/Frameworks",
				);
				PRODUCT_BUNDLE_IDENTIFIER = "com.isyou.ISYOU-iPhone";
				PRODUCT_NAME = "$(TARGET_NAME)";
				TARGETED_DEVICE_FAMILY = "1,2";
			};
			name = Debug;
		};
		DC85EDCC20713C7B009DF5D9 /* Release */ = {
			isa = XCBuildConfiguration;
			baseConfigurationReference = 11E3E3F6B14EDC8A00BAF045 /* Pods-ISYOU_iPhone.release.xcconfig */;
			buildSettings = {
				ASSETCATALOG_COMPILER_APPICON_NAME = AppIcon;
				CODE_SIGN_STYLE = Automatic;
				DEVELOPMENT_TEAM = TX8X4G99PU;
				GCC_PRECOMPILE_PREFIX_HEADER = YES;
				GCC_PREFIX_HEADER = /Users/stephen/Documents/GitHub/ISYOU/ISYOU_iPhone/ISYOU_iPhone/Classes/Others/ISYOU_PrefixHeader.pch;
				INFOPLIST_FILE = ISYOU_iPhone/Info.plist;
				LD_RUNPATH_SEARCH_PATHS = (
					"$(inherited)",
					"@executable_path/Frameworks",
				);
				PRODUCT_BUNDLE_IDENTIFIER = "com.isyou.ISYOU-iPhone";
				PRODUCT_NAME = "$(TARGET_NAME)";
				TARGETED_DEVICE_FAMILY = "1,2";
			};
			name = Release;
		};
		DC85EDCE20713C7B009DF5D9 /* Debug */ = {
			isa = XCBuildConfiguration;
			buildSettings = {
				BUNDLE_LOADER = "$(TEST_HOST)";
				CODE_SIGN_STYLE = Automatic;
				DEVELOPMENT_TEAM = TX8X4G99PU;
				INFOPLIST_FILE = ISYOU_iPhoneTests/Info.plist;
				LD_RUNPATH_SEARCH_PATHS = (
					"$(inherited)",
					"@executable_path/Frameworks",
					"@loader_path/Frameworks",
				);
				PRODUCT_BUNDLE_IDENTIFIER = "com.isyou.ISYOU-iPhoneTests";
				PRODUCT_NAME = "$(TARGET_NAME)";
				TARGETED_DEVICE_FAMILY = "1,2";
				TEST_HOST = "$(BUILT_PRODUCTS_DIR)/ISYOU_iPhone.app/ISYOU_iPhone";
			};
			name = Debug;
		};
		DC85EDCF20713C7B009DF5D9 /* Release */ = {
			isa = XCBuildConfiguration;
			buildSettings = {
				BUNDLE_LOADER = "$(TEST_HOST)";
				CODE_SIGN_STYLE = Automatic;
				DEVELOPMENT_TEAM = TX8X4G99PU;
				INFOPLIST_FILE = ISYOU_iPhoneTests/Info.plist;
				LD_RUNPATH_SEARCH_PATHS = (
					"$(inherited)",
					"@executable_path/Frameworks",
					"@loader_path/Frameworks",
				);
				PRODUCT_BUNDLE_IDENTIFIER = "com.isyou.ISYOU-iPhoneTests";
				PRODUCT_NAME = "$(TARGET_NAME)";
				TARGETED_DEVICE_FAMILY = "1,2";
				TEST_HOST = "$(BUILT_PRODUCTS_DIR)/ISYOU_iPhone.app/ISYOU_iPhone";
			};
			name = Release;
		};
		DC85EDD120713C7B009DF5D9 /* Debug */ = {
			isa = XCBuildConfiguration;
			buildSettings = {
				CODE_SIGN_STYLE = Automatic;
				DEVELOPMENT_TEAM = TX8X4G99PU;
				INFOPLIST_FILE = ISYOU_iPhoneUITests/Info.plist;
				LD_RUNPATH_SEARCH_PATHS = (
					"$(inherited)",
					"@executable_path/Frameworks",
					"@loader_path/Frameworks",
				);
				PRODUCT_BUNDLE_IDENTIFIER = "com.isyou.ISYOU-iPhoneUITests";
				PRODUCT_NAME = "$(TARGET_NAME)";
				TARGETED_DEVICE_FAMILY = "1,2";
				TEST_TARGET_NAME = ISYOU_iPhone;
			};
			name = Debug;
		};
		DC85EDD220713C7B009DF5D9 /* Release */ = {
			isa = XCBuildConfiguration;
			buildSettings = {
				CODE_SIGN_STYLE = Automatic;
				DEVELOPMENT_TEAM = TX8X4G99PU;
				INFOPLIST_FILE = ISYOU_iPhoneUITests/Info.plist;
				LD_RUNPATH_SEARCH_PATHS = (
					"$(inherited)",
					"@executable_path/Frameworks",
					"@loader_path/Frameworks",
				);
				PRODUCT_BUNDLE_IDENTIFIER = "com.isyou.ISYOU-iPhoneUITests";
				PRODUCT_NAME = "$(TARGET_NAME)";
				TARGETED_DEVICE_FAMILY = "1,2";
				TEST_TARGET_NAME = ISYOU_iPhone;
			};
			name = Release;
		};
/* End XCBuildConfiguration section */

/* Begin XCConfigurationList section */
		DC85ED9920713C78009DF5D9 /* Build configuration list for PBXProject "ISYOU_iPhone" */ = {
			isa = XCConfigurationList;
			buildConfigurations = (
				DC85EDC820713C7B009DF5D9 /* Debug */,
				DC85EDC920713C7B009DF5D9 /* Release */,
			);
			defaultConfigurationIsVisible = 0;
			defaultConfigurationName = Release;
		};
		DC85EDCA20713C7B009DF5D9 /* Build configuration list for PBXNativeTarget "ISYOU_iPhone" */ = {
			isa = XCConfigurationList;
			buildConfigurations = (
				DC85EDCB20713C7B009DF5D9 /* Debug */,
				DC85EDCC20713C7B009DF5D9 /* Release */,
			);
			defaultConfigurationIsVisible = 0;
			defaultConfigurationName = Release;
		};
		DC85EDCD20713C7B009DF5D9 /* Build configuration list for PBXNativeTarget "ISYOU_iPhoneTests" */ = {
			isa = XCConfigurationList;
			buildConfigurations = (
				DC85EDCE20713C7B009DF5D9 /* Debug */,
				DC85EDCF20713C7B009DF5D9 /* Release */,
			);
			defaultConfigurationIsVisible = 0;
			defaultConfigurationName = Release;
		};
		DC85EDD020713C7B009DF5D9 /* Build configuration list for PBXNativeTarget "ISYOU_iPhoneUITests" */ = {
			isa = XCConfigurationList;
			buildConfigurations = (
				DC85EDD120713C7B009DF5D9 /* Debug */,
				DC85EDD220713C7B009DF5D9 /* Release */,
			);
			defaultConfigurationIsVisible = 0;
			defaultConfigurationName = Release;
		};
/* End XCConfigurationList section */
	};
	rootObject = DC85ED9620713C78009DF5D9 /* Project object */;
}
