// !$*UTF8*$!
{
	archiveVersion = 1;
	classes = {
	};
	objectVersion = 50;
	objects = {

/* Begin PBXBuildFile section */
		8975EF95080A14A0D6B65C0C /* libPods-ISYOU_iPad.a in Frameworks */ = {isa = PBXBuildFile; fileRef = 9326E45AC47C3DEAF714E90D /* libPods-ISYOU_iPad.a */; };
		DC85EF36207141CD009DF5D9 /* AppDelegate.m in Sources */ = {isa = PBXBuildFile; fileRef = DC85EF35207141CD009DF5D9 /* AppDelegate.m */; };
		DC85EF3C207141CD009DF5D9 /* Main.storyboard in Resources */ = {isa = PBXBuildFile; fileRef = DC85EF3A207141CD009DF5D9 /* Main.storyboard */; };
		DC85EF3E207141CF009DF5D9 /* Assets.xcassets in Resources */ = {isa = PBXBuildFile; fileRef = DC85EF3D207141CF009DF5D9 /* Assets.xcassets */; };
		DC85EF41207141CF009DF5D9 /* LaunchScreen.storyboard in Resources */ = {isa = PBXBuildFile; fileRef = DC85EF3F207141CF009DF5D9 /* LaunchScreen.storyboard */; };
		DC85EF44207141CF009DF5D9 /* main.m in Sources */ = {isa = PBXBuildFile; fileRef = DC85EF43207141CF009DF5D9 /* main.m */; };
		DC85EF4E207141CF009DF5D9 /* ISYOU_iPadTests.m in Sources */ = {isa = PBXBuildFile; fileRef = DC85EF4D207141CF009DF5D9 /* ISYOU_iPadTests.m */; };
		DC85EF59207141CF009DF5D9 /* ISYOU_iPadUITests.m in Sources */ = {isa = PBXBuildFile; fileRef = DC85EF58207141CF009DF5D9 /* ISYOU_iPadUITests.m */; };
		DC85F2F92071636C009DF5D9 /* NetworkTool.m in Sources */ = {isa = PBXBuildFile; fileRef = DC85F2102071636C009DF5D9 /* NetworkTool.m */; };
		DC85F2FA2071636C009DF5D9 /* UIViewExt.m in Sources */ = {isa = PBXBuildFile; fileRef = DC85F2122071636C009DF5D9 /* UIViewExt.m */; };
		DC85F3002071636C009DF5D9 /* YLButton.m in Sources */ = {isa = PBXBuildFile; fileRef = DC85F2292071636C009DF5D9 /* YLButton.m */; };
		DC85F30F2071636D009DF5D9 /* ZFPlayerModel.m in Sources */ = {isa = PBXBuildFile; fileRef = DC85F24D2071636C009DF5D9 /* ZFPlayerModel.m */; };
		DC85F3102071636D009DF5D9 /* UITabBarController+ZFPlayerRotation.m in Sources */ = {isa = PBXBuildFile; fileRef = DC85F2532071636C009DF5D9 /* UITabBarController+ZFPlayerRotation.m */; };
		DC85F3112071636D009DF5D9 /* UIWindow+CurrentViewController.m in Sources */ = {isa = PBXBuildFile; fileRef = DC85F25A2071636C009DF5D9 /* UIWindow+CurrentViewController.m */; };
		DC85F3122071636D009DF5D9 /* UIView+CustomControlView.m in Sources */ = {isa = PBXBuildFile; fileRef = DC85F25B2071636C009DF5D9 /* UIView+CustomControlView.m */; };
		DC85F3132071636D009DF5D9 /* UINavigationController+ZFPlayerRotation.m in Sources */ = {isa = PBXBuildFile; fileRef = DC85F25C2071636C009DF5D9 /* UINavigationController+ZFPlayerRotation.m */; };
		DC85F3142071636D009DF5D9 /* UIAlertController+ZFPlayerRotation.m in Sources */ = {isa = PBXBuildFile; fileRef = DC85F25D2071636C009DF5D9 /* UIAlertController+ZFPlayerRotation.m */; };
		DC85F3152071636D009DF5D9 /* UIImageView+ZFCache.m in Sources */ = {isa = PBXBuildFile; fileRef = DC85F25E2071636C009DF5D9 /* UIImageView+ZFCache.m */; };
		DC85F3162071636D009DF5D9 /* UIViewController+ZFPlayerRotation.m in Sources */ = {isa = PBXBuildFile; fileRef = DC85F25F2071636C009DF5D9 /* UIViewController+ZFPlayerRotation.m */; };
		DC85F3172071636D009DF5D9 /* ZFBrightnessView.m in Sources */ = {isa = PBXBuildFile; fileRef = DC85F2642071636C009DF5D9 /* ZFBrightnessView.m */; };
		DC85F3182071636D009DF5D9 /* ZFPlayer.bundle in Resources */ = {isa = PBXBuildFile; fileRef = DC85F2652071636C009DF5D9 /* ZFPlayer.bundle */; };
		DC85F3192071636D009DF5D9 /* ASValuePopUpView.m in Sources */ = {isa = PBXBuildFile; fileRef = DC85F2672071636C009DF5D9 /* ASValuePopUpView.m */; };
		DC85F31A2071636D009DF5D9 /* ZFPlayerControlView.m in Sources */ = {isa = PBXBuildFile; fileRef = DC85F2682071636C009DF5D9 /* ZFPlayerControlView.m */; };
		DC85F31B2071636D009DF5D9 /* ZFPlayerView.m in Sources */ = {isa = PBXBuildFile; fileRef = DC85F2692071636C009DF5D9 /* ZFPlayerView.m */; };
		DC85F31C2071636D009DF5D9 /* MMMaterialDesignSpinner.m in Sources */ = {isa = PBXBuildFile; fileRef = DC85F26A2071636C009DF5D9 /* MMMaterialDesignSpinner.m */; };
		DC85F31D2071636D009DF5D9 /* ASValueTrackingSlider.m in Sources */ = {isa = PBXBuildFile; fileRef = DC85F26C2071636C009DF5D9 /* ASValueTrackingSlider.m */; };
		DC85F31E2071636D009DF5D9 /* pause@2x.png in Resources */ = {isa = PBXBuildFile; fileRef = DC85F2722071636C009DF5D9 /* pause@2x.png */; };
		DC85F31F2071636D009DF5D9 /* play@2x.png in Resources */ = {isa = PBXBuildFile; fileRef = DC85F2732071636C009DF5D9 /* play@2x.png */; };
		DC85F3202071636D009DF5D9 /* knob.png in Resources */ = {isa = PBXBuildFile; fileRef = DC85F2742071636C009DF5D9 /* knob.png */; };
		DC85F3212071636D009DF5D9 /* pause.png in Resources */ = {isa = PBXBuildFile; fileRef = DC85F2752071636C009DF5D9 /* pause.png */; };
		DC85F3222071636D009DF5D9 /* full_screen.png in Resources */ = {isa = PBXBuildFile; fileRef = DC85F2762071636C009DF5D9 /* full_screen.png */; };
		DC85F3232071636D009DF5D9 /* full_screen@2x.png in Resources */ = {isa = PBXBuildFile; fileRef = DC85F2772071636C009DF5D9 /* full_screen@2x.png */; };
		DC85F3242071636D009DF5D9 /* play.png in Resources */ = {isa = PBXBuildFile; fileRef = DC85F2782071636C009DF5D9 /* play.png */; };
		DC85F3252071636D009DF5D9 /* SBPlayer.m in Sources */ = {isa = PBXBuildFile; fileRef = DC85F27A2071636C009DF5D9 /* SBPlayer.m */; };
		DC85F3262071636D009DF5D9 /* SBPauseOrPlayView.m in Sources */ = {isa = PBXBuildFile; fileRef = DC85F27B2071636C009DF5D9 /* SBPauseOrPlayView.m */; };
		DC85F3272071636D009DF5D9 /* SBControlView.m in Sources */ = {isa = PBXBuildFile; fileRef = DC85F27C2071636C009DF5D9 /* SBControlView.m */; };
		DC85F33D2071636D009DF5D9 /* 压缩.mp4 in Resources */ = {isa = PBXBuildFile; fileRef = DC85F2A92071636C009DF5D9 /* 压缩.mp4 */; };
		DC85F33E2071636D009DF5D9 /* IntroViewModel.m in Sources */ = {isa = PBXBuildFile; fileRef = DC85F2AC2071636C009DF5D9 /* IntroViewModel.m */; };
		DC85F33F2071636D009DF5D9 /* ServiceTeamViewController.m in Sources */ = {isa = PBXBuildFile; fileRef = DC85F2AF2071636C009DF5D9 /* ServiceTeamViewController.m */; };
		DC85F3402071636D009DF5D9 /* AboutViewController.m in Sources */ = {isa = PBXBuildFile; fileRef = DC85F2B02071636C009DF5D9 /* AboutViewController.m */; };
		DC85F3412071636D009DF5D9 /* MedicalTeamViewController.m in Sources */ = {isa = PBXBuildFile; fileRef = DC85F2B12071636C009DF5D9 /* MedicalTeamViewController.m */; };
		DC85F3422071636D009DF5D9 /* AreaNavViewController.m in Sources */ = {isa = PBXBuildFile; fileRef = DC85F2B62071636C009DF5D9 /* AreaNavViewController.m */; };
		DC85F3432071636D009DF5D9 /* ISYOUViewController.m in Sources */ = {isa = PBXBuildFile; fileRef = DC85F2B92071636C009DF5D9 /* ISYOUViewController.m */; };
		DC85F3442071636D009DF5D9 /* BaseIntroViewController.m in Sources */ = {isa = PBXBuildFile; fileRef = DC85F2BA2071636C009DF5D9 /* BaseIntroViewController.m */; };
		DC85F3452071636D009DF5D9 /* ServiceTeamModel.m in Sources */ = {isa = PBXBuildFile; fileRef = DC85F2BC2071636C009DF5D9 /* ServiceTeamModel.m */; };
		DC85F3462071636D009DF5D9 /* IsyouModel.m in Sources */ = {isa = PBXBuildFile; fileRef = DC85F2C12071636C009DF5D9 /* IsyouModel.m */; };
		DC85F3472071636D009DF5D9 /* MedicalTeamModel.m in Sources */ = {isa = PBXBuildFile; fileRef = DC85F2C22071636C009DF5D9 /* MedicalTeamModel.m */; };
		DC85F3482071636D009DF5D9 /* AboutModel.m in Sources */ = {isa = PBXBuildFile; fileRef = DC85F2C42071636C009DF5D9 /* AboutModel.m */; };
		DC85F3492071636D009DF5D9 /* AreaModel.m in Sources */ = {isa = PBXBuildFile; fileRef = DC85F2C52071636C009DF5D9 /* AreaModel.m */; };
		DC85F34A2071636D009DF5D9 /* SHBAVController.m in Sources */ = {isa = PBXBuildFile; fileRef = DC85F2C72071636C009DF5D9 /* SHBAVController.m */; };
		DC85F34B2071636D009DF5D9 /* MenuViewController.m in Sources */ = {isa = PBXBuildFile; fileRef = DC85F2CA2071636C009DF5D9 /* MenuViewController.m */; };
		DC85F34C2071636D009DF5D9 /* MenuViewModel.m in Sources */ = {isa = PBXBuildFile; fileRef = DC85F2CD2071636C009DF5D9 /* MenuViewModel.m */; };
		DC85F34D2071636D009DF5D9 /* PlasticViewController.m in Sources */ = {isa = PBXBuildFile; fileRef = DC85F2D02071636C009DF5D9 /* PlasticViewController.m */; };
		DC85F34E2071636D009DF5D9 /* LaserViewController.m in Sources */ = {isa = PBXBuildFile; fileRef = DC85F2D22071636C009DF5D9 /* LaserViewController.m */; };
		DC85F34F2071636D009DF5D9 /* InjectionViewController.m in Sources */ = {isa = PBXBuildFile; fileRef = DC85F2D32071636C009DF5D9 /* InjectionViewController.m */; };
		DC85F3502071636D009DF5D9 /* HealthViewController.m in Sources */ = {isa = PBXBuildFile; fileRef = DC85F2D52071636C009DF5D9 /* HealthViewController.m */; };
		DC85F3512071636D009DF5D9 /* BaseMenuViewController.m in Sources */ = {isa = PBXBuildFile; fileRef = DC85F2D92071636C009DF5D9 /* BaseMenuViewController.m */; };
		DC85F3522071636D009DF5D9 /* InjectionDetailViewController.m in Sources */ = {isa = PBXBuildFile; fileRef = DC85F2DD2071636C009DF5D9 /* InjectionDetailViewController.m */; };
		DC85F3532071636D009DF5D9 /* LaserDetailViewController.m in Sources */ = {isa = PBXBuildFile; fileRef = DC85F2DF2071636C009DF5D9 /* LaserDetailViewController.m */; };
		DC85F3542071636D009DF5D9 /* PlasticDetailViewController.m in Sources */ = {isa = PBXBuildFile; fileRef = DC85F2E02071636C009DF5D9 /* PlasticDetailViewController.m */; };
		DC85F3552071636D009DF5D9 /* HealthDetailViewController.m in Sources */ = {isa = PBXBuildFile; fileRef = DC85F2E12071636C009DF5D9 /* HealthDetailViewController.m */; };
		DC85F3562071636D009DF5D9 /* InjectionModel.m in Sources */ = {isa = PBXBuildFile; fileRef = DC85F2E42071636C009DF5D9 /* InjectionModel.m */; };
		DC85F3572071636D009DF5D9 /* LaserModel.m in Sources */ = {isa = PBXBuildFile; fileRef = DC85F2E52071636C009DF5D9 /* LaserModel.m */; };
		DC85F3582071636D009DF5D9 /* HealthModel.m in Sources */ = {isa = PBXBuildFile; fileRef = DC85F2E72071636C009DF5D9 /* HealthModel.m */; };
		DC85F3592071636D009DF5D9 /* PlasticModel.m in Sources */ = {isa = PBXBuildFile; fileRef = DC85F2EA2071636C009DF5D9 /* PlasticModel.m */; };
		DC85F35A2071636D009DF5D9 /* HWCircleView.m in Sources */ = {isa = PBXBuildFile; fileRef = DC85F2F02071636C009DF5D9 /* HWCircleView.m */; };
		DC85F35B2071636D009DF5D9 /* BaseMenuCell.m in Sources */ = {isa = PBXBuildFile; fileRef = DC85F2F22071636C009DF5D9 /* BaseMenuCell.m */; };
		DC85F35C2071636D009DF5D9 /* ChildMenuBarView.m in Sources */ = {isa = PBXBuildFile; fileRef = DC85F2F32071636C009DF5D9 /* ChildMenuBarView.m */; };
		DC85F35D2071636D009DF5D9 /* MenuBarView.m in Sources */ = {isa = PBXBuildFile; fileRef = DC85F2F42071636C009DF5D9 /* MenuBarView.m */; };
		DC85F35E2071636D009DF5D9 /* MenuBarView.xib in Resources */ = {isa = PBXBuildFile; fileRef = DC85F2F52071636C009DF5D9 /* MenuBarView.xib */; };
		DC85F35F2071636D009DF5D9 /* UpdateView.m in Sources */ = {isa = PBXBuildFile; fileRef = DC85F2F62071636C009DF5D9 /* UpdateView.m */; };
		DC85F3602071636D009DF5D9 /* BaseMenuCell.xib in Resources */ = {isa = PBXBuildFile; fileRef = DC85F2F82071636C009DF5D9 /* BaseMenuCell.xib */; };
/* End PBXBuildFile section */

/* Begin PBXContainerItemProxy section */
		DC85EF4A207141CF009DF5D9 /* PBXContainerItemProxy */ = {
			isa = PBXContainerItemProxy;
			containerPortal = DC85EF29207141CD009DF5D9 /* Project object */;
			proxyType = 1;
			remoteGlobalIDString = DC85EF30207141CD009DF5D9;
			remoteInfo = ISYOU_iPad;
		};
		DC85EF55207141CF009DF5D9 /* PBXContainerItemProxy */ = {
			isa = PBXContainerItemProxy;
			containerPortal = DC85EF29207141CD009DF5D9 /* Project object */;
			proxyType = 1;
			remoteGlobalIDString = DC85EF30207141CD009DF5D9;
			remoteInfo = ISYOU_iPad;
		};
/* End PBXContainerItemProxy section */

/* Begin PBXFileReference section */
		164BF7156FD6BEAF39F352A2 /* Pods-ISYOU_iPad.debug.xcconfig */ = {isa = PBXFileReference; includeInIndex = 1; lastKnownFileType = text.xcconfig; name = "Pods-ISYOU_iPad.debug.xcconfig"; path = "Pods/Target Support Files/Pods-ISYOU_iPad/Pods-ISYOU_iPad.debug.xcconfig"; sourceTree = "<group>"; };
		9326E45AC47C3DEAF714E90D /* libPods-ISYOU_iPad.a */ = {isa = PBXFileReference; explicitFileType = archive.ar; includeInIndex = 0; path = "libPods-ISYOU_iPad.a"; sourceTree = BUILT_PRODUCTS_DIR; };
		A629227285B4161F9C33C404 /* Pods-ISYOU_iPad.release.xcconfig */ = {isa = PBXFileReference; includeInIndex = 1; lastKnownFileType = text.xcconfig; name = "Pods-ISYOU_iPad.release.xcconfig"; path = "Pods/Target Support Files/Pods-ISYOU_iPad/Pods-ISYOU_iPad.release.xcconfig"; sourceTree = "<group>"; };
		DC85EF31207141CD009DF5D9 /* ISYOU_iPad.app */ = {isa = PBXFileReference; explicitFileType = wrapper.application; includeInIndex = 0; path = ISYOU_iPad.app; sourceTree = BUILT_PRODUCTS_DIR; };
		DC85EF34207141CD009DF5D9 /* AppDelegate.h */ = {isa = PBXFileReference; lastKnownFileType = sourcecode.c.h; path = AppDelegate.h; sourceTree = "<group>"; };
		DC85EF35207141CD009DF5D9 /* AppDelegate.m */ = {isa = PBXFileReference; lastKnownFileType = sourcecode.c.objc; path = AppDelegate.m; sourceTree = "<group>"; };
		DC85EF3B207141CD009DF5D9 /* Base */ = {isa = PBXFileReference; lastKnownFileType = file.storyboard; name = Base; path = Base.lproj/Main.storyboard; sourceTree = "<group>"; };
		DC85EF3D207141CF009DF5D9 /* Assets.xcassets */ = {isa = PBXFileReference; lastKnownFileType = folder.assetcatalog; path = Assets.xcassets; sourceTree = "<group>"; };
		DC85EF40207141CF009DF5D9 /* Base */ = {isa = PBXFileReference; lastKnownFileType = file.storyboard; name = Base; path = Base.lproj/LaunchScreen.storyboard; sourceTree = "<group>"; };
		DC85EF42207141CF009DF5D9 /* Info.plist */ = {isa = PBXFileReference; lastKnownFileType = text.plist.xml; path = Info.plist; sourceTree = "<group>"; };
		DC85EF43207141CF009DF5D9 /* main.m */ = {isa = PBXFileReference; lastKnownFileType = sourcecode.c.objc; path = main.m; sourceTree = "<group>"; };
		DC85EF49207141CF009DF5D9 /* ISYOU_iPadTests.xctest */ = {isa = PBXFileReference; explicitFileType = wrapper.cfbundle; includeInIndex = 0; path = ISYOU_iPadTests.xctest; sourceTree = BUILT_PRODUCTS_DIR; };
		DC85EF4D207141CF009DF5D9 /* ISYOU_iPadTests.m */ = {isa = PBXFileReference; lastKnownFileType = sourcecode.c.objc; path = ISYOU_iPadTests.m; sourceTree = "<group>"; };
		DC85EF4F207141CF009DF5D9 /* Info.plist */ = {isa = PBXFileReference; lastKnownFileType = text.plist.xml; path = Info.plist; sourceTree = "<group>"; };
		DC85EF54207141CF009DF5D9 /* ISYOU_iPadUITests.xctest */ = {isa = PBXFileReference; explicitFileType = wrapper.cfbundle; includeInIndex = 0; path = ISYOU_iPadUITests.xctest; sourceTree = BUILT_PRODUCTS_DIR; };
		DC85EF58207141CF009DF5D9 /* ISYOU_iPadUITests.m */ = {isa = PBXFileReference; lastKnownFileType = sourcecode.c.objc; path = ISYOU_iPadUITests.m; sourceTree = "<group>"; };
		DC85EF5A207141CF009DF5D9 /* Info.plist */ = {isa = PBXFileReference; lastKnownFileType = text.plist.xml; path = Info.plist; sourceTree = "<group>"; };
		DC85F2102071636C009DF5D9 /* NetworkTool.m */ = {isa = PBXFileReference; fileEncoding = 4; lastKnownFileType = sourcecode.c.objc; path = NetworkTool.m; sourceTree = "<group>"; };
		DC85F2122071636C009DF5D9 /* UIViewExt.m */ = {isa = PBXFileReference; fileEncoding = 4; lastKnownFileType = sourcecode.c.objc; path = UIViewExt.m; sourceTree = "<group>"; };
		DC85F2132071636C009DF5D9 /* UIViewExt.h */ = {isa = PBXFileReference; fileEncoding = 4; lastKnownFileType = sourcecode.c.h; path = UIViewExt.h; sourceTree = "<group>"; };
		DC85F2142071636C009DF5D9 /* NetworkTool.h */ = {isa = PBXFileReference; fileEncoding = 4; lastKnownFileType = sourcecode.c.h; path = NetworkTool.h; sourceTree = "<group>"; };
		DC85F2162071636C009DF5D9 /* ISYOU_PrefixHeader.pch */ = {isa = PBXFileReference; fileEncoding = 4; lastKnownFileType = sourcecode.c.h; path = ISYOU_PrefixHeader.pch; sourceTree = "<group>"; };
		DC85F2172071636C009DF5D9 /* UserDefault_Macro.h */ = {isa = PBXFileReference; fileEncoding = 4; lastKnownFileType = sourcecode.c.h; path = UserDefault_Macro.h; sourceTree = "<group>"; };
		DC85F2182071636C009DF5D9 /* Singleton.h */ = {isa = PBXFileReference; fileEncoding = 4; lastKnownFileType = sourcecode.c.h; path = Singleton.h; sourceTree = "<group>"; };
		DC85F2192071636C009DF5D9 /* Macro.h */ = {isa = PBXFileReference; fileEncoding = 4; lastKnownFileType = sourcecode.c.h; path = Macro.h; sourceTree = "<group>"; };
		DC85F2282071636C009DF5D9 /* YLButton.h */ = {isa = PBXFileReference; fileEncoding = 4; lastKnownFileType = sourcecode.c.h; path = YLButton.h; sourceTree = "<group>"; };
		DC85F2292071636C009DF5D9 /* YLButton.m */ = {isa = PBXFileReference; fileEncoding = 4; lastKnownFileType = sourcecode.c.objc; path = YLButton.m; sourceTree = "<group>"; };
		DC85F24D2071636C009DF5D9 /* ZFPlayerModel.m */ = {isa = PBXFileReference; fileEncoding = 4; lastKnownFileType = sourcecode.c.objc; path = ZFPlayerModel.m; sourceTree = "<group>"; };
		DC85F24E2071636C009DF5D9 /* ZFPlayerControlViewDelegate.h */ = {isa = PBXFileReference; fileEncoding = 4; lastKnownFileType = sourcecode.c.h; path = ZFPlayerControlViewDelegate.h; sourceTree = "<group>"; };
		DC85F24F2071636C009DF5D9 /* ZFPlayerControlView.h */ = {isa = PBXFileReference; fileEncoding = 4; lastKnownFileType = sourcecode.c.h; path = ZFPlayerControlView.h; sourceTree = "<group>"; };
		DC85F2502071636C009DF5D9 /* ASValuePopUpView.h */ = {isa = PBXFileReference; fileEncoding = 4; lastKnownFileType = sourcecode.c.h; path = ASValuePopUpView.h; sourceTree = "<group>"; };
		DC85F2522071636C009DF5D9 /* UIWindow+CurrentViewController.h */ = {isa = PBXFileReference; fileEncoding = 4; lastKnownFileType = sourcecode.c.h; path = "UIWindow+CurrentViewController.h"; sourceTree = "<group>"; };
		DC85F2532071636C009DF5D9 /* UITabBarController+ZFPlayerRotation.m */ = {isa = PBXFileReference; fileEncoding = 4; lastKnownFileType = sourcecode.c.objc; path = "UITabBarController+ZFPlayerRotation.m"; sourceTree = "<group>"; };
		DC85F2542071636C009DF5D9 /* UINavigationController+ZFPlayerRotation.h */ = {isa = PBXFileReference; fileEncoding = 4; lastKnownFileType = sourcecode.c.h; path = "UINavigationController+ZFPlayerRotation.h"; sourceTree = "<group>"; };
		DC85F2552071636C009DF5D9 /* UIView+CustomControlView.h */ = {isa = PBXFileReference; fileEncoding = 4; lastKnownFileType = sourcecode.c.h; path = "UIView+CustomControlView.h"; sourceTree = "<group>"; };
		DC85F2562071636C009DF5D9 /* UIViewController+ZFPlayerRotation.h */ = {isa = PBXFileReference; fileEncoding = 4; lastKnownFileType = sourcecode.c.h; path = "UIViewController+ZFPlayerRotation.h"; sourceTree = "<group>"; };
		DC85F2572071636C009DF5D9 /* UIImageView+ZFCache.h */ = {isa = PBXFileReference; fileEncoding = 4; lastKnownFileType = sourcecode.c.h; path = "UIImageView+ZFCache.h"; sourceTree = "<group>"; };
		DC85F2582071636C009DF5D9 /* UIAlertController+ZFPlayerRotation.h */ = {isa = PBXFileReference; fileEncoding = 4; lastKnownFileType = sourcecode.c.h; path = "UIAlertController+ZFPlayerRotation.h"; sourceTree = "<group>"; };
		DC85F2592071636C009DF5D9 /* UITabBarController+ZFPlayerRotation.h */ = {isa = PBXFileReference; fileEncoding = 4; lastKnownFileType = sourcecode.c.h; path = "UITabBarController+ZFPlayerRotation.h"; sourceTree = "<group>"; };
		DC85F25A2071636C009DF5D9 /* UIWindow+CurrentViewController.m */ = {isa = PBXFileReference; fileEncoding = 4; lastKnownFileType = sourcecode.c.objc; path = "UIWindow+CurrentViewController.m"; sourceTree = "<group>"; };
		DC85F25B2071636C009DF5D9 /* UIView+CustomControlView.m */ = {isa = PBXFileReference; fileEncoding = 4; lastKnownFileType = sourcecode.c.objc; path = "UIView+CustomControlView.m"; sourceTree = "<group>"; };
		DC85F25C2071636C009DF5D9 /* UINavigationController+ZFPlayerRotation.m */ = {isa = PBXFileReference; fileEncoding = 4; lastKnownFileType = sourcecode.c.objc; path = "UINavigationController+ZFPlayerRotation.m"; sourceTree = "<group>"; };
		DC85F25D2071636C009DF5D9 /* UIAlertController+ZFPlayerRotation.m */ = {isa = PBXFileReference; fileEncoding = 4; lastKnownFileType = sourcecode.c.objc; path = "UIAlertController+ZFPlayerRotation.m"; sourceTree = "<group>"; };
		DC85F25E2071636C009DF5D9 /* UIImageView+ZFCache.m */ = {isa = PBXFileReference; fileEncoding = 4; lastKnownFileType = sourcecode.c.objc; path = "UIImageView+ZFCache.m"; sourceTree = "<group>"; };
		DC85F25F2071636C009DF5D9 /* UIViewController+ZFPlayerRotation.m */ = {isa = PBXFileReference; fileEncoding = 4; lastKnownFileType = sourcecode.c.objc; path = "UIViewController+ZFPlayerRotation.m"; sourceTree = "<group>"; };
		DC85F2602071636C009DF5D9 /* MMMaterialDesignSpinner.h */ = {isa = PBXFileReference; fileEncoding = 4; lastKnownFileType = sourcecode.c.h; path = MMMaterialDesignSpinner.h; sourceTree = "<group>"; };
		DC85F2612071636C009DF5D9 /* ZFPlayerView.h */ = {isa = PBXFileReference; fileEncoding = 4; lastKnownFileType = sourcecode.c.h; path = ZFPlayerView.h; sourceTree = "<group>"; };
		DC85F2622071636C009DF5D9 /* ASValueTrackingSlider.h */ = {isa = PBXFileReference; fileEncoding = 4; lastKnownFileType = sourcecode.c.h; path = ASValueTrackingSlider.h; sourceTree = "<group>"; };
		DC85F2632071636C009DF5D9 /* ZFPlayer.h */ = {isa = PBXFileReference; fileEncoding = 4; lastKnownFileType = sourcecode.c.h; path = ZFPlayer.h; sourceTree = "<group>"; };
		DC85F2642071636C009DF5D9 /* ZFBrightnessView.m */ = {isa = PBXFileReference; fileEncoding = 4; lastKnownFileType = sourcecode.c.objc; path = ZFBrightnessView.m; sourceTree = "<group>"; };
		DC85F2652071636C009DF5D9 /* ZFPlayer.bundle */ = {isa = PBXFileReference; lastKnownFileType = "wrapper.plug-in"; path = ZFPlayer.bundle; sourceTree = "<group>"; };
		DC85F2662071636C009DF5D9 /* ZFPlayerModel.h */ = {isa = PBXFileReference; fileEncoding = 4; lastKnownFileType = sourcecode.c.h; path = ZFPlayerModel.h; sourceTree = "<group>"; };
		DC85F2672071636C009DF5D9 /* ASValuePopUpView.m */ = {isa = PBXFileReference; fileEncoding = 4; lastKnownFileType = sourcecode.c.objc; path = ASValuePopUpView.m; sourceTree = "<group>"; };
		DC85F2682071636C009DF5D9 /* ZFPlayerControlView.m */ = {isa = PBXFileReference; fileEncoding = 4; lastKnownFileType = sourcecode.c.objc; path = ZFPlayerControlView.m; sourceTree = "<group>"; };
		DC85F2692071636C009DF5D9 /* ZFPlayerView.m */ = {isa = PBXFileReference; fileEncoding = 4; lastKnownFileType = sourcecode.c.objc; path = ZFPlayerView.m; sourceTree = "<group>"; };
		DC85F26A2071636C009DF5D9 /* MMMaterialDesignSpinner.m */ = {isa = PBXFileReference; fileEncoding = 4; lastKnownFileType = sourcecode.c.objc; path = MMMaterialDesignSpinner.m; sourceTree = "<group>"; };
		DC85F26B2071636C009DF5D9 /* ZFBrightnessView.h */ = {isa = PBXFileReference; fileEncoding = 4; lastKnownFileType = sourcecode.c.h; path = ZFBrightnessView.h; sourceTree = "<group>"; };
		DC85F26C2071636C009DF5D9 /* ASValueTrackingSlider.m */ = {isa = PBXFileReference; fileEncoding = 4; lastKnownFileType = sourcecode.c.objc; path = ASValueTrackingSlider.m; sourceTree = "<group>"; };
		DC85F26E2071636C009DF5D9 /* SBPauseOrPlayView.h */ = {isa = PBXFileReference; fileEncoding = 4; lastKnownFileType = sourcecode.c.h; path = SBPauseOrPlayView.h; sourceTree = "<group>"; };
		DC85F26F2071636C009DF5D9 /* SBPlayer.h */ = {isa = PBXFileReference; fileEncoding = 4; lastKnownFileType = sourcecode.c.h; path = SBPlayer.h; sourceTree = "<group>"; };
		DC85F2702071636C009DF5D9 /* SBCommonHeader.h */ = {isa = PBXFileReference; fileEncoding = 4; lastKnownFileType = sourcecode.c.h; path = SBCommonHeader.h; sourceTree = "<group>"; };
		DC85F2722071636C009DF5D9 /* pause@2x.png */ = {isa = PBXFileReference; lastKnownFileType = image.png; path = "pause@2x.png"; sourceTree = "<group>"; };
		DC85F2732071636C009DF5D9 /* play@2x.png */ = {isa = PBXFileReference; lastKnownFileType = image.png; path = "play@2x.png"; sourceTree = "<group>"; };
		DC85F2742071636C009DF5D9 /* knob.png */ = {isa = PBXFileReference; lastKnownFileType = image.png; path = knob.png; sourceTree = "<group>"; };
		DC85F2752071636C009DF5D9 /* pause.png */ = {isa = PBXFileReference; lastKnownFileType = image.png; path = pause.png; sourceTree = "<group>"; };
		DC85F2762071636C009DF5D9 /* full_screen.png */ = {isa = PBXFileReference; lastKnownFileType = image.png; path = full_screen.png; sourceTree = "<group>"; };
		DC85F2772071636C009DF5D9 /* full_screen@2x.png */ = {isa = PBXFileReference; lastKnownFileType = image.png; path = "full_screen@2x.png"; sourceTree = "<group>"; };
		DC85F2782071636C009DF5D9 /* play.png */ = {isa = PBXFileReference; lastKnownFileType = image.png; path = play.png; sourceTree = "<group>"; };
		DC85F2792071636C009DF5D9 /* SBControlView.h */ = {isa = PBXFileReference; fileEncoding = 4; lastKnownFileType = sourcecode.c.h; path = SBControlView.h; sourceTree = "<group>"; };
		DC85F27A2071636C009DF5D9 /* SBPlayer.m */ = {isa = PBXFileReference; fileEncoding = 4; lastKnownFileType = sourcecode.c.objc; path = SBPlayer.m; sourceTree = "<group>"; };
		DC85F27B2071636C009DF5D9 /* SBPauseOrPlayView.m */ = {isa = PBXFileReference; fileEncoding = 4; lastKnownFileType = sourcecode.c.objc; path = SBPauseOrPlayView.m; sourceTree = "<group>"; };
		DC85F27C2071636C009DF5D9 /* SBControlView.m */ = {isa = PBXFileReference; fileEncoding = 4; lastKnownFileType = sourcecode.c.objc; path = SBControlView.m; sourceTree = "<group>"; };
		DC85F2A92071636C009DF5D9 /* 压缩.mp4 */ = {isa = PBXFileReference; lastKnownFileType = file; path = "压缩.mp4"; sourceTree = "<group>"; };
		DC85F2AC2071636C009DF5D9 /* IntroViewModel.m */ = {isa = PBXFileReference; fileEncoding = 4; lastKnownFileType = sourcecode.c.objc; path = IntroViewModel.m; sourceTree = "<group>"; };
		DC85F2AD2071636C009DF5D9 /* IntroViewModel.h */ = {isa = PBXFileReference; fileEncoding = 4; lastKnownFileType = sourcecode.c.h; path = IntroViewModel.h; sourceTree = "<group>"; };
		DC85F2AF2071636C009DF5D9 /* ServiceTeamViewController.m */ = {isa = PBXFileReference; fileEncoding = 4; lastKnownFileType = sourcecode.c.objc; path = ServiceTeamViewController.m; sourceTree = "<group>"; };
		DC85F2B02071636C009DF5D9 /* AboutViewController.m */ = {isa = PBXFileReference; fileEncoding = 4; lastKnownFileType = sourcecode.c.objc; path = AboutViewController.m; sourceTree = "<group>"; };
		DC85F2B12071636C009DF5D9 /* MedicalTeamViewController.m */ = {isa = PBXFileReference; fileEncoding = 4; lastKnownFileType = sourcecode.c.objc; path = MedicalTeamViewController.m; sourceTree = "<group>"; };
		DC85F2B22071636C009DF5D9 /* AreaNavViewController.h */ = {isa = PBXFileReference; fileEncoding = 4; lastKnownFileType = sourcecode.c.h; path = AreaNavViewController.h; sourceTree = "<group>"; };
		DC85F2B32071636C009DF5D9 /* ISYOUViewController.h */ = {isa = PBXFileReference; fileEncoding = 4; lastKnownFileType = sourcecode.c.h; path = ISYOUViewController.h; sourceTree = "<group>"; };
		DC85F2B42071636C009DF5D9 /* BaseIntroViewController.h */ = {isa = PBXFileReference; fileEncoding = 4; lastKnownFileType = sourcecode.c.h; path = BaseIntroViewController.h; sourceTree = "<group>"; };
		DC85F2B52071636C009DF5D9 /* ServiceTeamViewController.h */ = {isa = PBXFileReference; fileEncoding = 4; lastKnownFileType = sourcecode.c.h; path = ServiceTeamViewController.h; sourceTree = "<group>"; };
		DC85F2B62071636C009DF5D9 /* AreaNavViewController.m */ = {isa = PBXFileReference; fileEncoding = 4; lastKnownFileType = sourcecode.c.objc; path = AreaNavViewController.m; sourceTree = "<group>"; };
		DC85F2B72071636C009DF5D9 /* MedicalTeamViewController.h */ = {isa = PBXFileReference; fileEncoding = 4; lastKnownFileType = sourcecode.c.h; path = MedicalTeamViewController.h; sourceTree = "<group>"; };
		DC85F2B82071636C009DF5D9 /* AboutViewController.h */ = {isa = PBXFileReference; fileEncoding = 4; lastKnownFileType = sourcecode.c.h; path = AboutViewController.h; sourceTree = "<group>"; };
		DC85F2B92071636C009DF5D9 /* ISYOUViewController.m */ = {isa = PBXFileReference; fileEncoding = 4; lastKnownFileType = sourcecode.c.objc; path = ISYOUViewController.m; sourceTree = "<group>"; };
		DC85F2BA2071636C009DF5D9 /* BaseIntroViewController.m */ = {isa = PBXFileReference; fileEncoding = 4; lastKnownFileType = sourcecode.c.objc; path = BaseIntroViewController.m; sourceTree = "<group>"; };
		DC85F2BC2071636C009DF5D9 /* ServiceTeamModel.m */ = {isa = PBXFileReference; fileEncoding = 4; lastKnownFileType = sourcecode.c.objc; path = ServiceTeamModel.m; sourceTree = "<group>"; };
		DC85F2BD2071636C009DF5D9 /* MedicalTeamModel.h */ = {isa = PBXFileReference; fileEncoding = 4; lastKnownFileType = sourcecode.c.h; path = MedicalTeamModel.h; sourceTree = "<group>"; };
		DC85F2BE2071636C009DF5D9 /* IsyouModel.h */ = {isa = PBXFileReference; fileEncoding = 4; lastKnownFileType = sourcecode.c.h; path = IsyouModel.h; sourceTree = "<group>"; };
		DC85F2BF2071636C009DF5D9 /* AboutModel.h */ = {isa = PBXFileReference; fileEncoding = 4; lastKnownFileType = sourcecode.c.h; path = AboutModel.h; sourceTree = "<group>"; };
		DC85F2C02071636C009DF5D9 /* AreaModel.h */ = {isa = PBXFileReference; fileEncoding = 4; lastKnownFileType = sourcecode.c.h; path = AreaModel.h; sourceTree = "<group>"; };
		DC85F2C12071636C009DF5D9 /* IsyouModel.m */ = {isa = PBXFileReference; fileEncoding = 4; lastKnownFileType = sourcecode.c.objc; path = IsyouModel.m; sourceTree = "<group>"; };
		DC85F2C22071636C009DF5D9 /* MedicalTeamModel.m */ = {isa = PBXFileReference; fileEncoding = 4; lastKnownFileType = sourcecode.c.objc; path = MedicalTeamModel.m; sourceTree = "<group>"; };
		DC85F2C32071636C009DF5D9 /* ServiceTeamModel.h */ = {isa = PBXFileReference; fileEncoding = 4; lastKnownFileType = sourcecode.c.h; path = ServiceTeamModel.h; sourceTree = "<group>"; };
		DC85F2C42071636C009DF5D9 /* AboutModel.m */ = {isa = PBXFileReference; fileEncoding = 4; lastKnownFileType = sourcecode.c.objc; path = AboutModel.m; sourceTree = "<group>"; };
		DC85F2C52071636C009DF5D9 /* AreaModel.m */ = {isa = PBXFileReference; fileEncoding = 4; lastKnownFileType = sourcecode.c.objc; path = AreaModel.m; sourceTree = "<group>"; };
		DC85F2C72071636C009DF5D9 /* SHBAVController.m */ = {isa = PBXFileReference; fileEncoding = 4; lastKnownFileType = sourcecode.c.objc; path = SHBAVController.m; sourceTree = "<group>"; };
		DC85F2C82071636C009DF5D9 /* MenuViewController.h */ = {isa = PBXFileReference; fileEncoding = 4; lastKnownFileType = sourcecode.c.h; path = MenuViewController.h; sourceTree = "<group>"; };
		DC85F2C92071636C009DF5D9 /* SHBAVController.h */ = {isa = PBXFileReference; fileEncoding = 4; lastKnownFileType = sourcecode.c.h; path = SHBAVController.h; sourceTree = "<group>"; };
		DC85F2CA2071636C009DF5D9 /* MenuViewController.m */ = {isa = PBXFileReference; fileEncoding = 4; lastKnownFileType = sourcecode.c.objc; path = MenuViewController.m; sourceTree = "<group>"; };
		DC85F2CD2071636C009DF5D9 /* MenuViewModel.m */ = {isa = PBXFileReference; fileEncoding = 4; lastKnownFileType = sourcecode.c.objc; path = MenuViewModel.m; sourceTree = "<group>"; };
		DC85F2CE2071636C009DF5D9 /* MenuViewModel.h */ = {isa = PBXFileReference; fileEncoding = 4; lastKnownFileType = sourcecode.c.h; path = MenuViewModel.h; sourceTree = "<group>"; };
		DC85F2D02071636C009DF5D9 /* PlasticViewController.m */ = {isa = PBXFileReference; fileEncoding = 4; lastKnownFileType = sourcecode.c.objc; path = PlasticViewController.m; sourceTree = "<group>"; };
		DC85F2D12071636C009DF5D9 /* HealthViewController.h */ = {isa = PBXFileReference; fileEncoding = 4; lastKnownFileType = sourcecode.c.h; path = HealthViewController.h; sourceTree = "<group>"; };
		DC85F2D22071636C009DF5D9 /* LaserViewController.m */ = {isa = PBXFileReference; fileEncoding = 4; lastKnownFileType = sourcecode.c.objc; path = LaserViewController.m; sourceTree = "<group>"; };
		DC85F2D32071636C009DF5D9 /* InjectionViewController.m */ = {isa = PBXFileReference; fileEncoding = 4; lastKnownFileType = sourcecode.c.objc; path = InjectionViewController.m; sourceTree = "<group>"; };
		DC85F2D42071636C009DF5D9 /* BaseMenuViewController.h */ = {isa = PBXFileReference; fileEncoding = 4; lastKnownFileType = sourcecode.c.h; path = BaseMenuViewController.h; sourceTree = "<group>"; };
		DC85F2D52071636C009DF5D9 /* HealthViewController.m */ = {isa = PBXFileReference; fileEncoding = 4; lastKnownFileType = sourcecode.c.objc; path = HealthViewController.m; sourceTree = "<group>"; };
		DC85F2D62071636C009DF5D9 /* PlasticViewController.h */ = {isa = PBXFileReference; fileEncoding = 4; lastKnownFileType = sourcecode.c.h; path = PlasticViewController.h; sourceTree = "<group>"; };
		DC85F2D72071636C009DF5D9 /* InjectionViewController.h */ = {isa = PBXFileReference; fileEncoding = 4; lastKnownFileType = sourcecode.c.h; path = InjectionViewController.h; sourceTree = "<group>"; };
		DC85F2D82071636C009DF5D9 /* LaserViewController.h */ = {isa = PBXFileReference; fileEncoding = 4; lastKnownFileType = sourcecode.c.h; path = LaserViewController.h; sourceTree = "<group>"; };
		DC85F2D92071636C009DF5D9 /* BaseMenuViewController.m */ = {isa = PBXFileReference; fileEncoding = 4; lastKnownFileType = sourcecode.c.objc; path = BaseMenuViewController.m; sourceTree = "<group>"; };
		DC85F2DB2071636C009DF5D9 /* LaserDetailViewController.h */ = {isa = PBXFileReference; fileEncoding = 4; lastKnownFileType = sourcecode.c.h; path = LaserDetailViewController.h; sourceTree = "<group>"; };
		DC85F2DC2071636C009DF5D9 /* PlasticDetailViewController.h */ = {isa = PBXFileReference; fileEncoding = 4; lastKnownFileType = sourcecode.c.h; path = PlasticDetailViewController.h; sourceTree = "<group>"; };
		DC85F2DD2071636C009DF5D9 /* InjectionDetailViewController.m */ = {isa = PBXFileReference; fileEncoding = 4; lastKnownFileType = sourcecode.c.objc; path = InjectionDetailViewController.m; sourceTree = "<group>"; };
		DC85F2DE2071636C009DF5D9 /* HealthDetailViewController.h */ = {isa = PBXFileReference; fileEncoding = 4; lastKnownFileType = sourcecode.c.h; path = HealthDetailViewController.h; sourceTree = "<group>"; };
		DC85F2DF2071636C009DF5D9 /* LaserDetailViewController.m */ = {isa = PBXFileReference; fileEncoding = 4; lastKnownFileType = sourcecode.c.objc; path = LaserDetailViewController.m; sourceTree = "<group>"; };
		DC85F2E02071636C009DF5D9 /* PlasticDetailViewController.m */ = {isa = PBXFileReference; fileEncoding = 4; lastKnownFileType = sourcecode.c.objc; path = PlasticDetailViewController.m; sourceTree = "<group>"; };
		DC85F2E12071636C009DF5D9 /* HealthDetailViewController.m */ = {isa = PBXFileReference; fileEncoding = 4; lastKnownFileType = sourcecode.c.objc; path = HealthDetailViewController.m; sourceTree = "<group>"; };
		DC85F2E22071636C009DF5D9 /* InjectionDetailViewController.h */ = {isa = PBXFileReference; fileEncoding = 4; lastKnownFileType = sourcecode.c.h; path = InjectionDetailViewController.h; sourceTree = "<group>"; };
		DC85F2E42071636C009DF5D9 /* InjectionModel.m */ = {isa = PBXFileReference; fileEncoding = 4; lastKnownFileType = sourcecode.c.objc; path = InjectionModel.m; sourceTree = "<group>"; };
		DC85F2E52071636C009DF5D9 /* LaserModel.m */ = {isa = PBXFileReference; fileEncoding = 4; lastKnownFileType = sourcecode.c.objc; path = LaserModel.m; sourceTree = "<group>"; };
		DC85F2E62071636C009DF5D9 /* PlasticModel.h */ = {isa = PBXFileReference; fileEncoding = 4; lastKnownFileType = sourcecode.c.h; path = PlasticModel.h; sourceTree = "<group>"; };
		DC85F2E72071636C009DF5D9 /* HealthModel.m */ = {isa = PBXFileReference; fileEncoding = 4; lastKnownFileType = sourcecode.c.objc; path = HealthModel.m; sourceTree = "<group>"; };
		DC85F2E82071636C009DF5D9 /* InjectionModel.h */ = {isa = PBXFileReference; fileEncoding = 4; lastKnownFileType = sourcecode.c.h; path = InjectionModel.h; sourceTree = "<group>"; };
		DC85F2E92071636C009DF5D9 /* HealthModel.h */ = {isa = PBXFileReference; fileEncoding = 4; lastKnownFileType = sourcecode.c.h; path = HealthModel.h; sourceTree = "<group>"; };
		DC85F2EA2071636C009DF5D9 /* PlasticModel.m */ = {isa = PBXFileReference; fileEncoding = 4; lastKnownFileType = sourcecode.c.objc; path = PlasticModel.m; sourceTree = "<group>"; };
		DC85F2EB2071636C009DF5D9 /* LaserModel.h */ = {isa = PBXFileReference; fileEncoding = 4; lastKnownFileType = sourcecode.c.h; path = LaserModel.h; sourceTree = "<group>"; };
		DC85F2ED2071636C009DF5D9 /* ChildMenuBarView.h */ = {isa = PBXFileReference; fileEncoding = 4; lastKnownFileType = sourcecode.c.h; path = ChildMenuBarView.h; sourceTree = "<group>"; };
		DC85F2EE2071636C009DF5D9 /* BaseMenuCell.h */ = {isa = PBXFileReference; fileEncoding = 4; lastKnownFileType = sourcecode.c.h; path = BaseMenuCell.h; sourceTree = "<group>"; };
		DC85F2EF2071636C009DF5D9 /* MenuBarView.h */ = {isa = PBXFileReference; fileEncoding = 4; lastKnownFileType = sourcecode.c.h; path = MenuBarView.h; sourceTree = "<group>"; };
		DC85F2F02071636C009DF5D9 /* HWCircleView.m */ = {isa = PBXFileReference; fileEncoding = 4; lastKnownFileType = sourcecode.c.objc; path = HWCircleView.m; sourceTree = "<group>"; };
		DC85F2F12071636C009DF5D9 /* UpdateView.h */ = {isa = PBXFileReference; fileEncoding = 4; lastKnownFileType = sourcecode.c.h; path = UpdateView.h; sourceTree = "<group>"; };
		DC85F2F22071636C009DF5D9 /* BaseMenuCell.m */ = {isa = PBXFileReference; fileEncoding = 4; lastKnownFileType = sourcecode.c.objc; path = BaseMenuCell.m; sourceTree = "<group>"; };
		DC85F2F32071636C009DF5D9 /* ChildMenuBarView.m */ = {isa = PBXFileReference; fileEncoding = 4; lastKnownFileType = sourcecode.c.objc; path = ChildMenuBarView.m; sourceTree = "<group>"; };
		DC85F2F42071636C009DF5D9 /* MenuBarView.m */ = {isa = PBXFileReference; fileEncoding = 4; lastKnownFileType = sourcecode.c.objc; path = MenuBarView.m; sourceTree = "<group>"; };
		DC85F2F52071636C009DF5D9 /* MenuBarView.xib */ = {isa = PBXFileReference; fileEncoding = 4; lastKnownFileType = file.xib; path = MenuBarView.xib; sourceTree = "<group>"; };
		DC85F2F62071636C009DF5D9 /* UpdateView.m */ = {isa = PBXFileReference; fileEncoding = 4; lastKnownFileType = sourcecode.c.objc; path = UpdateView.m; sourceTree = "<group>"; };
		DC85F2F72071636C009DF5D9 /* HWCircleView.h */ = {isa = PBXFileReference; fileEncoding = 4; lastKnownFileType = sourcecode.c.h; path = HWCircleView.h; sourceTree = "<group>"; };
		DC85F2F82071636C009DF5D9 /* BaseMenuCell.xib */ = {isa = PBXFileReference; fileEncoding = 4; lastKnownFileType = file.xib; path = BaseMenuCell.xib; sourceTree = "<group>"; };
/* End PBXFileReference section */

/* Begin PBXFrameworksBuildPhase section */
		DC85EF2E207141CD009DF5D9 /* Frameworks */ = {
			isa = PBXFrameworksBuildPhase;
			buildActionMask = 2147483647;
			files = (
				8975EF95080A14A0D6B65C0C /* libPods-ISYOU_iPad.a in Frameworks */,
			);
			runOnlyForDeploymentPostprocessing = 0;
		};
		DC85EF46207141CF009DF5D9 /* Frameworks */ = {
			isa = PBXFrameworksBuildPhase;
			buildActionMask = 2147483647;
			files = (
			);
			runOnlyForDeploymentPostprocessing = 0;
		};
		DC85EF51207141CF009DF5D9 /* Frameworks */ = {
			isa = PBXFrameworksBuildPhase;
			buildActionMask = 2147483647;
			files = (
			);
			runOnlyForDeploymentPostprocessing = 0;
		};
/* End PBXFrameworksBuildPhase section */

/* Begin PBXGroup section */
		7972B5ABC1BDC339DD62A27D /* Frameworks */ = {
			isa = PBXGroup;
			children = (
				9326E45AC47C3DEAF714E90D /* libPods-ISYOU_iPad.a */,
			);
			name = Frameworks;
			sourceTree = "<group>";
		};
		B4AA3FA08B978F15E982917A /* Pods */ = {
			isa = PBXGroup;
			children = (
				164BF7156FD6BEAF39F352A2 /* Pods-ISYOU_iPad.debug.xcconfig */,
				A629227285B4161F9C33C404 /* Pods-ISYOU_iPad.release.xcconfig */,
			);
			name = Pods;
			sourceTree = "<group>";
		};
		DC85EF28207141CD009DF5D9 = {
			isa = PBXGroup;
			children = (
				DC85EF33207141CD009DF5D9 /* ISYOU_iPad */,
				DC85EF4C207141CF009DF5D9 /* ISYOU_iPadTests */,
				DC85EF57207141CF009DF5D9 /* ISYOU_iPadUITests */,
				DC85EF32207141CD009DF5D9 /* Products */,
				B4AA3FA08B978F15E982917A /* Pods */,
				7972B5ABC1BDC339DD62A27D /* Frameworks */,
			);
			sourceTree = "<group>";
		};
		DC85EF32207141CD009DF5D9 /* Products */ = {
			isa = PBXGroup;
			children = (
				DC85EF31207141CD009DF5D9 /* ISYOU_iPad.app */,
				DC85EF49207141CF009DF5D9 /* ISYOU_iPadTests.xctest */,
				DC85EF54207141CF009DF5D9 /* ISYOU_iPadUITests.xctest */,
			);
			name = Products;
			sourceTree = "<group>";
		};
		DC85EF33207141CD009DF5D9 /* ISYOU_iPad */ = {
			isa = PBXGroup;
			children = (
				DC85F20E2071636C009DF5D9 /* Classes */,
				DC85EF34207141CD009DF5D9 /* AppDelegate.h */,
				DC85EF35207141CD009DF5D9 /* AppDelegate.m */,
				DC85EF3A207141CD009DF5D9 /* Main.storyboard */,
				DC85EF3D207141CF009DF5D9 /* Assets.xcassets */,
				DC85EF3F207141CF009DF5D9 /* LaunchScreen.storyboard */,
				DC85EF42207141CF009DF5D9 /* Info.plist */,
				DC85EF43207141CF009DF5D9 /* main.m */,
			);
			path = ISYOU_iPad;
			sourceTree = "<group>";
		};
		DC85EF4C207141CF009DF5D9 /* ISYOU_iPadTests */ = {
			isa = PBXGroup;
			children = (
				DC85EF4D207141CF009DF5D9 /* ISYOU_iPadTests.m */,
				DC85EF4F207141CF009DF5D9 /* Info.plist */,
			);
			path = ISYOU_iPadTests;
			sourceTree = "<group>";
		};
		DC85EF57207141CF009DF5D9 /* ISYOU_iPadUITests */ = {
			isa = PBXGroup;
			children = (
				DC85EF58207141CF009DF5D9 /* ISYOU_iPadUITests.m */,
				DC85EF5A207141CF009DF5D9 /* Info.plist */,
			);
			path = ISYOU_iPadUITests;
			sourceTree = "<group>";
		};
		DC85F20E2071636C009DF5D9 /* Classes */ = {
			isa = PBXGroup;
			children = (
				DC85F20F2071636C009DF5D9 /* Tools */,
				DC85F2152071636C009DF5D9 /* Others */,
				DC85F2AA2071636C009DF5D9 /* Intro(介绍) */,
				DC85F2C62071636C009DF5D9 /* Main */,
				DC85F2CB2071636C009DF5D9 /* Meun(目录) */,
			);
			path = Classes;
			sourceTree = "<group>";
		};
		DC85F20F2071636C009DF5D9 /* Tools */ = {
			isa = PBXGroup;
			children = (
				DC85F2102071636C009DF5D9 /* NetworkTool.m */,
				DC85F2112071636C009DF5D9 /* Category */,
				DC85F2142071636C009DF5D9 /* NetworkTool.h */,
			);
			path = Tools;
			sourceTree = "<group>";
		};
		DC85F2112071636C009DF5D9 /* Category */ = {
			isa = PBXGroup;
			children = (
				DC85F2122071636C009DF5D9 /* UIViewExt.m */,
				DC85F2132071636C009DF5D9 /* UIViewExt.h */,
			);
			path = Category;
			sourceTree = "<group>";
		};
		DC85F2152071636C009DF5D9 /* Others */ = {
			isa = PBXGroup;
			children = (
				DC85F2162071636C009DF5D9 /* ISYOU_PrefixHeader.pch */,
				DC85F2172071636C009DF5D9 /* UserDefault_Macro.h */,
				DC85F2182071636C009DF5D9 /* Singleton.h */,
				DC85F2192071636C009DF5D9 /* Macro.h */,
				DC85F21A2071636C009DF5D9 /* Lib */,
				DC85F2A92071636C009DF5D9 /* 压缩.mp4 */,
			);
			path = Others;
			sourceTree = "<group>";
		};
		DC85F21A2071636C009DF5D9 /* Lib */ = {
			isa = PBXGroup;
			children = (
				DC85F2272071636C009DF5D9 /* YLButton */,
				DC85F24C2071636C009DF5D9 /* ZFPlayer */,
				DC85F26D2071636C009DF5D9 /* SBPlayer */,
			);
			path = Lib;
			sourceTree = "<group>";
		};
		DC85F2272071636C009DF5D9 /* YLButton */ = {
			isa = PBXGroup;
			children = (
				DC85F2282071636C009DF5D9 /* YLButton.h */,
				DC85F2292071636C009DF5D9 /* YLButton.m */,
			);
			path = YLButton;
			sourceTree = "<group>";
		};
		DC85F24C2071636C009DF5D9 /* ZFPlayer */ = {
			isa = PBXGroup;
			children = (
				DC85F24D2071636C009DF5D9 /* ZFPlayerModel.m */,
				DC85F24E2071636C009DF5D9 /* ZFPlayerControlViewDelegate.h */,
				DC85F24F2071636C009DF5D9 /* ZFPlayerControlView.h */,
				DC85F2502071636C009DF5D9 /* ASValuePopUpView.h */,
				DC85F2512071636C009DF5D9 /* Category */,
				DC85F2602071636C009DF5D9 /* MMMaterialDesignSpinner.h */,
				DC85F2612071636C009DF5D9 /* ZFPlayerView.h */,
				DC85F2622071636C009DF5D9 /* ASValueTrackingSlider.h */,
				DC85F2632071636C009DF5D9 /* ZFPlayer.h */,
				DC85F2642071636C009DF5D9 /* ZFBrightnessView.m */,
				DC85F2652071636C009DF5D9 /* ZFPlayer.bundle */,
				DC85F2662071636C009DF5D9 /* ZFPlayerModel.h */,
				DC85F2672071636C009DF5D9 /* ASValuePopUpView.m */,
				DC85F2682071636C009DF5D9 /* ZFPlayerControlView.m */,
				DC85F2692071636C009DF5D9 /* ZFPlayerView.m */,
				DC85F26A2071636C009DF5D9 /* MMMaterialDesignSpinner.m */,
				DC85F26B2071636C009DF5D9 /* ZFBrightnessView.h */,
				DC85F26C2071636C009DF5D9 /* ASValueTrackingSlider.m */,
			);
			path = ZFPlayer;
			sourceTree = "<group>";
		};
		DC85F2512071636C009DF5D9 /* Category */ = {
			isa = PBXGroup;
			children = (
				DC85F2522071636C009DF5D9 /* UIWindow+CurrentViewController.h */,
				DC85F2532071636C009DF5D9 /* UITabBarController+ZFPlayerRotation.m */,
				DC85F2542071636C009DF5D9 /* UINavigationController+ZFPlayerRotation.h */,
				DC85F2552071636C009DF5D9 /* UIView+CustomControlView.h */,
				DC85F2562071636C009DF5D9 /* UIViewController+ZFPlayerRotation.h */,
				DC85F2572071636C009DF5D9 /* UIImageView+ZFCache.h */,
				DC85F2582071636C009DF5D9 /* UIAlertController+ZFPlayerRotation.h */,
				DC85F2592071636C009DF5D9 /* UITabBarController+ZFPlayerRotation.h */,
				DC85F25A2071636C009DF5D9 /* UIWindow+CurrentViewController.m */,
				DC85F25B2071636C009DF5D9 /* UIView+CustomControlView.m */,
				DC85F25C2071636C009DF5D9 /* UINavigationController+ZFPlayerRotation.m */,
				DC85F25D2071636C009DF5D9 /* UIAlertController+ZFPlayerRotation.m */,
				DC85F25E2071636C009DF5D9 /* UIImageView+ZFCache.m */,
				DC85F25F2071636C009DF5D9 /* UIViewController+ZFPlayerRotation.m */,
			);
			path = Category;
			sourceTree = "<group>";
		};
		DC85F26D2071636C009DF5D9 /* SBPlayer */ = {
			isa = PBXGroup;
			children = (
				DC85F26E2071636C009DF5D9 /* SBPauseOrPlayView.h */,
				DC85F26F2071636C009DF5D9 /* SBPlayer.h */,
				DC85F2702071636C009DF5D9 /* SBCommonHeader.h */,
				DC85F2712071636C009DF5D9 /* Source */,
				DC85F2792071636C009DF5D9 /* SBControlView.h */,
				DC85F27A2071636C009DF5D9 /* SBPlayer.m */,
				DC85F27B2071636C009DF5D9 /* SBPauseOrPlayView.m */,
				DC85F27C2071636C009DF5D9 /* SBControlView.m */,
			);
			path = SBPlayer;
			sourceTree = "<group>";
		};
		DC85F2712071636C009DF5D9 /* Source */ = {
			isa = PBXGroup;
			children = (
				DC85F2722071636C009DF5D9 /* pause@2x.png */,
				DC85F2732071636C009DF5D9 /* play@2x.png */,
				DC85F2742071636C009DF5D9 /* knob.png */,
				DC85F2752071636C009DF5D9 /* pause.png */,
				DC85F2762071636C009DF5D9 /* full_screen.png */,
				DC85F2772071636C009DF5D9 /* full_screen@2x.png */,
				DC85F2782071636C009DF5D9 /* play.png */,
			);
			path = Source;
			sourceTree = "<group>";
		};
		DC85F2AA2071636C009DF5D9 /* Intro(介绍) */ = {
			isa = PBXGroup;
			children = (
				DC85F2AB2071636C009DF5D9 /* ViewModel */,
				DC85F2AE2071636C009DF5D9 /* Controller */,
				DC85F2BB2071636C009DF5D9 /* Model */,
			);
			path = "Intro(介绍)";
			sourceTree = "<group>";
		};
		DC85F2AB2071636C009DF5D9 /* ViewModel */ = {
			isa = PBXGroup;
			children = (
				DC85F2AD2071636C009DF5D9 /* IntroViewModel.h */,
				DC85F2AC2071636C009DF5D9 /* IntroViewModel.m */,
			);
			path = ViewModel;
			sourceTree = "<group>";
		};
		DC85F2AE2071636C009DF5D9 /* Controller */ = {
			isa = PBXGroup;
			children = (
				DC85F2B42071636C009DF5D9 /* BaseIntroViewController.h */,
				DC85F2BA2071636C009DF5D9 /* BaseIntroViewController.m */,
				DC85F2B32071636C009DF5D9 /* ISYOUViewController.h */,
				DC85F2B92071636C009DF5D9 /* ISYOUViewController.m */,
				DC85F2B72071636C009DF5D9 /* MedicalTeamViewController.h */,
				DC85F2B12071636C009DF5D9 /* MedicalTeamViewController.m */,
				DC85F2B22071636C009DF5D9 /* AreaNavViewController.h */,
				DC85F2B62071636C009DF5D9 /* AreaNavViewController.m */,
				DC85F2B52071636C009DF5D9 /* ServiceTeamViewController.h */,
				DC85F2AF2071636C009DF5D9 /* ServiceTeamViewController.m */,
				DC85F2B82071636C009DF5D9 /* AboutViewController.h */,
				DC85F2B02071636C009DF5D9 /* AboutViewController.m */,
			);
			path = Controller;
			sourceTree = "<group>";
		};
		DC85F2BB2071636C009DF5D9 /* Model */ = {
			isa = PBXGroup;
			children = (
				DC85F2BC2071636C009DF5D9 /* ServiceTeamModel.m */,
				DC85F2BD2071636C009DF5D9 /* MedicalTeamModel.h */,
				DC85F2BE2071636C009DF5D9 /* IsyouModel.h */,
				DC85F2BF2071636C009DF5D9 /* AboutModel.h */,
				DC85F2C02071636C009DF5D9 /* AreaModel.h */,
				DC85F2C12071636C009DF5D9 /* IsyouModel.m */,
				DC85F2C22071636C009DF5D9 /* MedicalTeamModel.m */,
				DC85F2C32071636C009DF5D9 /* ServiceTeamModel.h */,
				DC85F2C42071636C009DF5D9 /* AboutModel.m */,
				DC85F2C52071636C009DF5D9 /* AreaModel.m */,
			);
			path = Model;
			sourceTree = "<group>";
		};
		DC85F2C62071636C009DF5D9 /* Main */ = {
			isa = PBXGroup;
			children = (
				DC85F2C92071636C009DF5D9 /* SHBAVController.h */,
				DC85F2C72071636C009DF5D9 /* SHBAVController.m */,
				DC85F2C82071636C009DF5D9 /* MenuViewController.h */,
				DC85F2CA2071636C009DF5D9 /* MenuViewController.m */,
			);
			path = Main;
			sourceTree = "<group>";
		};
		DC85F2CB2071636C009DF5D9 /* Meun(目录) */ = {
			isa = PBXGroup;
			children = (
				DC85F2CC2071636C009DF5D9 /* ViewModel */,
				DC85F2CF2071636C009DF5D9 /* Controller */,
				DC85F2DA2071636C009DF5D9 /* DetailController */,
				DC85F2E32071636C009DF5D9 /* Model */,
				DC85F2EC2071636C009DF5D9 /* View */,
			);
			path = "Meun(目录)";
			sourceTree = "<group>";
		};
		DC85F2CC2071636C009DF5D9 /* ViewModel */ = {
			isa = PBXGroup;
			children = (
				DC85F2CE2071636C009DF5D9 /* MenuViewModel.h */,
				DC85F2CD2071636C009DF5D9 /* MenuViewModel.m */,
			);
			path = ViewModel;
			sourceTree = "<group>";
		};
		DC85F2CF2071636C009DF5D9 /* Controller */ = {
			isa = PBXGroup;
			children = (
				DC85F2D42071636C009DF5D9 /* BaseMenuViewController.h */,
				DC85F2D92071636C009DF5D9 /* BaseMenuViewController.m */,
				DC85F2D82071636C009DF5D9 /* LaserViewController.h */,
				DC85F2D22071636C009DF5D9 /* LaserViewController.m */,
				DC85F2D32071636C009DF5D9 /* InjectionViewController.m */,
				DC85F2D72071636C009DF5D9 /* InjectionViewController.h */,
				DC85F2D62071636C009DF5D9 /* PlasticViewController.h */,
				DC85F2D02071636C009DF5D9 /* PlasticViewController.m */,
				DC85F2D12071636C009DF5D9 /* HealthViewController.h */,
				DC85F2D52071636C009DF5D9 /* HealthViewController.m */,
			);
			path = Controller;
			sourceTree = "<group>";
		};
		DC85F2DA2071636C009DF5D9 /* DetailController */ = {
			isa = PBXGroup;
			children = (
				DC85F2DB2071636C009DF5D9 /* LaserDetailViewController.h */,
				DC85F2DC2071636C009DF5D9 /* PlasticDetailViewController.h */,
				DC85F2DD2071636C009DF5D9 /* InjectionDetailViewController.m */,
				DC85F2DE2071636C009DF5D9 /* HealthDetailViewController.h */,
				DC85F2DF2071636C009DF5D9 /* LaserDetailViewController.m */,
				DC85F2E02071636C009DF5D9 /* PlasticDetailViewController.m */,
				DC85F2E12071636C009DF5D9 /* HealthDetailViewController.m */,
				DC85F2E22071636C009DF5D9 /* InjectionDetailViewController.h */,
			);
			path = DetailController;
			sourceTree = "<group>";
		};
		DC85F2E32071636C009DF5D9 /* Model */ = {
			isa = PBXGroup;
			children = (
				DC85F2E42071636C009DF5D9 /* InjectionModel.m */,
				DC85F2E52071636C009DF5D9 /* LaserModel.m */,
				DC85F2E62071636C009DF5D9 /* PlasticModel.h */,
				DC85F2E72071636C009DF5D9 /* HealthModel.m */,
				DC85F2E82071636C009DF5D9 /* InjectionModel.h */,
				DC85F2E92071636C009DF5D9 /* HealthModel.h */,
				DC85F2EA2071636C009DF5D9 /* PlasticModel.m */,
				DC85F2EB2071636C009DF5D9 /* LaserModel.h */,
			);
			path = Model;
			sourceTree = "<group>";
		};
		DC85F2EC2071636C009DF5D9 /* View */ = {
			isa = PBXGroup;
			children = (
				DC85F2ED2071636C009DF5D9 /* ChildMenuBarView.h */,
				DC85F2EE2071636C009DF5D9 /* BaseMenuCell.h */,
				DC85F2EF2071636C009DF5D9 /* MenuBarView.h */,
				DC85F2F02071636C009DF5D9 /* HWCircleView.m */,
				DC85F2F12071636C009DF5D9 /* UpdateView.h */,
				DC85F2F22071636C009DF5D9 /* BaseMenuCell.m */,
				DC85F2F32071636C009DF5D9 /* ChildMenuBarView.m */,
				DC85F2F42071636C009DF5D9 /* MenuBarView.m */,
				DC85F2F52071636C009DF5D9 /* MenuBarView.xib */,
				DC85F2F62071636C009DF5D9 /* UpdateView.m */,
				DC85F2F72071636C009DF5D9 /* HWCircleView.h */,
				DC85F2F82071636C009DF5D9 /* BaseMenuCell.xib */,
			);
			path = View;
			sourceTree = "<group>";
		};
/* End PBXGroup section */

/* Begin PBXNativeTarget section */
		DC85EF30207141CD009DF5D9 /* ISYOU_iPad */ = {
			isa = PBXNativeTarget;
			buildConfigurationList = DC85EF5D207141CF009DF5D9 /* Build configuration list for PBXNativeTarget "ISYOU_iPad" */;
			buildPhases = (
				16A4BA48EDCE78136E4D53D8 /* [CP] Check Pods Manifest.lock */,
				DC85EF2D207141CD009DF5D9 /* Sources */,
				DC85EF2E207141CD009DF5D9 /* Frameworks */,
				DC85EF2F207141CD009DF5D9 /* Resources */,
				64DC96F07E6705528228747D /* [CP] Embed Pods Frameworks */,
				692CB247A8E85A0886B33FB9 /* [CP] Copy Pods Resources */,
			);
			buildRules = (
			);
			dependencies = (
			);
			name = ISYOU_iPad;
			productName = ISYOU_iPad;
			productReference = DC85EF31207141CD009DF5D9 /* ISYOU_iPad.app */;
			productType = "com.apple.product-type.application";
		};
		DC85EF48207141CF009DF5D9 /* ISYOU_iPadTests */ = {
			isa = PBXNativeTarget;
			buildConfigurationList = DC85EF60207141CF009DF5D9 /* Build configuration list for PBXNativeTarget "ISYOU_iPadTests" */;
			buildPhases = (
				DC85EF45207141CF009DF5D9 /* Sources */,
				DC85EF46207141CF009DF5D9 /* Frameworks */,
				DC85EF47207141CF009DF5D9 /* Resources */,
			);
			buildRules = (
			);
			dependencies = (
				DC85EF4B207141CF009DF5D9 /* PBXTargetDependency */,
			);
			name = ISYOU_iPadTests;
			productName = ISYOU_iPadTests;
			productReference = DC85EF49207141CF009DF5D9 /* ISYOU_iPadTests.xctest */;
			productType = "com.apple.product-type.bundle.unit-test";
		};
		DC85EF53207141CF009DF5D9 /* ISYOU_iPadUITests */ = {
			isa = PBXNativeTarget;
			buildConfigurationList = DC85EF63207141CF009DF5D9 /* Build configuration list for PBXNativeTarget "ISYOU_iPadUITests" */;
			buildPhases = (
				DC85EF50207141CF009DF5D9 /* Sources */,
				DC85EF51207141CF009DF5D9 /* Frameworks */,
				DC85EF52207141CF009DF5D9 /* Resources */,
			);
			buildRules = (
			);
			dependencies = (
				DC85EF56207141CF009DF5D9 /* PBXTargetDependency */,
			);
			name = ISYOU_iPadUITests;
			productName = ISYOU_iPadUITests;
			productReference = DC85EF54207141CF009DF5D9 /* ISYOU_iPadUITests.xctest */;
			productType = "com.apple.product-type.bundle.ui-testing";
		};
/* End PBXNativeTarget section */

/* Begin PBXProject section */
		DC85EF29207141CD009DF5D9 /* Project object */ = {
			isa = PBXProject;
			attributes = {
				LastUpgradeCheck = 0930;
				ORGANIZATIONNAME = isyou;
				TargetAttributes = {
					DC85EF30207141CD009DF5D9 = {
						CreatedOnToolsVersion = 9.3;
					};
					DC85EF48207141CF009DF5D9 = {
						CreatedOnToolsVersion = 9.3;
						TestTargetID = DC85EF30207141CD009DF5D9;
					};
					DC85EF53207141CF009DF5D9 = {
						CreatedOnToolsVersion = 9.3;
						TestTargetID = DC85EF30207141CD009DF5D9;
					};
				};
			};
			buildConfigurationList = DC85EF2C207141CD009DF5D9 /* Build configuration list for PBXProject "ISYOU_iPad" */;
			compatibilityVersion = "Xcode 9.3";
			developmentRegion = en;
			hasScannedForEncodings = 0;
			knownRegions = (
				en,
				Base,
			);
			mainGroup = DC85EF28207141CD009DF5D9;
			productRefGroup = DC85EF32207141CD009DF5D9 /* Products */;
			projectDirPath = "";
			projectRoot = "";
			targets = (
				DC85EF30207141CD009DF5D9 /* ISYOU_iPad */,
				DC85EF48207141CF009DF5D9 /* ISYOU_iPadTests */,
				DC85EF53207141CF009DF5D9 /* ISYOU_iPadUITests */,
			);
		};
/* End PBXProject section */

/* Begin PBXResourcesBuildPhase section */
		DC85EF2F207141CD009DF5D9 /* Resources */ = {
			isa = PBXResourcesBuildPhase;
			buildActionMask = 2147483647;
			files = (
				DC85F3602071636D009DF5D9 /* BaseMenuCell.xib in Resources */,
				DC85F31F2071636D009DF5D9 /* play@2x.png in Resources */,
				DC85F31E2071636D009DF5D9 /* pause@2x.png in Resources */,
				DC85EF41207141CF009DF5D9 /* LaunchScreen.storyboard in Resources */,
				DC85F3222071636D009DF5D9 /* full_screen.png in Resources */,
				DC85F35E2071636D009DF5D9 /* MenuBarView.xib in Resources */,
				DC85F3242071636D009DF5D9 /* play.png in Resources */,
				DC85F33D2071636D009DF5D9 /* 压缩.mp4 in Resources */,
				DC85F3232071636D009DF5D9 /* full_screen@2x.png in Resources */,
				DC85EF3E207141CF009DF5D9 /* Assets.xcassets in Resources */,
				DC85F3212071636D009DF5D9 /* pause.png in Resources */,
				DC85F3202071636D009DF5D9 /* knob.png in Resources */,
				DC85EF3C207141CD009DF5D9 /* Main.storyboard in Resources */,
				DC85F3182071636D009DF5D9 /* ZFPlayer.bundle in Resources */,
			);
			runOnlyForDeploymentPostprocessing = 0;
		};
		DC85EF47207141CF009DF5D9 /* Resources */ = {
			isa = PBXResourcesBuildPhase;
			buildActionMask = 2147483647;
			files = (
			);
			runOnlyForDeploymentPostprocessing = 0;
		};
		DC85EF52207141CF009DF5D9 /* Resources */ = {
			isa = PBXResourcesBuildPhase;
			buildActionMask = 2147483647;
			files = (
			);
			runOnlyForDeploymentPostprocessing = 0;
		};
/* End PBXResourcesBuildPhase section */

/* Begin PBXShellScriptBuildPhase section */
		16A4BA48EDCE78136E4D53D8 /* [CP] Check Pods Manifest.lock */ = {
			isa = PBXShellScriptBuildPhase;
			buildActionMask = 2147483647;
			files = (
			);
			inputPaths = (
				"${PODS_PODFILE_DIR_PATH}/Podfile.lock",
				"${PODS_ROOT}/Manifest.lock",
			);
			name = "[CP] Check Pods Manifest.lock";
			outputPaths = (
				"$(DERIVED_FILE_DIR)/Pods-ISYOU_iPad-checkManifestLockResult.txt",
			);
			runOnlyForDeploymentPostprocessing = 0;
			shellPath = /bin/sh;
			shellScript = "diff \"${PODS_PODFILE_DIR_PATH}/Podfile.lock\" \"${PODS_ROOT}/Manifest.lock\" > /dev/null\nif [ $? != 0 ] ; then\n    # print error to STDERR\n    echo \"error: The sandbox is not in sync with the Podfile.lock. Run 'pod install' or update your CocoaPods installation.\" >&2\n    exit 1\nfi\n# This output is used by Xcode 'outputs' to avoid re-running this script phase.\necho \"SUCCESS\" > \"${SCRIPT_OUTPUT_FILE_0}\"\n";
			showEnvVarsInLog = 0;
		};
		64DC96F07E6705528228747D /* [CP] Embed Pods Frameworks */ = {
			isa = PBXShellScriptBuildPhase;
			buildActionMask = 2147483647;
			files = (
			);
			inputPaths = (
			);
			name = "[CP] Embed Pods Frameworks";
			outputPaths = (
			);
			runOnlyForDeploymentPostprocessing = 0;
			shellPath = /bin/sh;
			shellScript = "\"${SRCROOT}/Pods/Target Support Files/Pods-ISYOU_iPad/Pods-ISYOU_iPad-frameworks.sh\"\n";
			showEnvVarsInLog = 0;
		};
		692CB247A8E85A0886B33FB9 /* [CP] Copy Pods Resources */ = {
			isa = PBXShellScriptBuildPhase;
			buildActionMask = 2147483647;
			files = (
			);
			inputPaths = (
				"${SRCROOT}/Pods/Target Support Files/Pods-ISYOU_iPad/Pods-ISYOU_iPad-resources.sh",
				"${PODS_CONFIGURATION_BUILD_DIR}/MWPhotoBrowser/MWPhotoBrowser.bundle",
			);
			name = "[CP] Copy Pods Resources";
			outputPaths = (
				"${TARGET_BUILD_DIR}/${UNLOCALIZED_RESOURCES_FOLDER_PATH}/MWPhotoBrowser.bundle",
			);
			runOnlyForDeploymentPostprocessing = 0;
			shellPath = /bin/sh;
			shellScript = "\"${SRCROOT}/Pods/Target Support Files/Pods-ISYOU_iPad/Pods-ISYOU_iPad-resources.sh\"\n";
			showEnvVarsInLog = 0;
		};
/* End PBXShellScriptBuildPhase section */

/* Begin PBXSourcesBuildPhase section */
		DC85EF2D207141CD009DF5D9 /* Sources */ = {
			isa = PBXSourcesBuildPhase;
			buildActionMask = 2147483647;
			files = (
				DC85F3172071636D009DF5D9 /* ZFBrightnessView.m in Sources */,
				DC85F35D2071636D009DF5D9 /* MenuBarView.m in Sources */,
				DC85F2FA2071636C009DF5D9 /* UIViewExt.m in Sources */,
				DC85F3462071636D009DF5D9 /* IsyouModel.m in Sources */,
				DC85F34B2071636D009DF5D9 /* MenuViewController.m in Sources */,
				DC85F3272071636D009DF5D9 /* SBControlView.m in Sources */,
				DC85F34A2071636D009DF5D9 /* SHBAVController.m in Sources */,
				DC85F3192071636D009DF5D9 /* ASValuePopUpView.m in Sources */,
				DC85F31A2071636D009DF5D9 /* ZFPlayerControlView.m in Sources */,
				DC85F3102071636D009DF5D9 /* UITabBarController+ZFPlayerRotation.m in Sources */,
				DC85F3422071636D009DF5D9 /* AreaNavViewController.m in Sources */,
				DC85F3532071636D009DF5D9 /* LaserDetailViewController.m in Sources */,
				DC85F3432071636D009DF5D9 /* ISYOUViewController.m in Sources */,
				DC85F3442071636D009DF5D9 /* BaseIntroViewController.m in Sources */,
				DC85F31C2071636D009DF5D9 /* MMMaterialDesignSpinner.m in Sources */,
				DC85EF44207141CF009DF5D9 /* main.m in Sources */,
				DC85F3452071636D009DF5D9 /* ServiceTeamModel.m in Sources */,
				DC85F35A2071636D009DF5D9 /* HWCircleView.m in Sources */,
				DC85F35B2071636D009DF5D9 /* BaseMenuCell.m in Sources */,
				DC85F34C2071636D009DF5D9 /* MenuViewModel.m in Sources */,
				DC85F33E2071636D009DF5D9 /* IntroViewModel.m in Sources */,
				DC85EF36207141CD009DF5D9 /* AppDelegate.m in Sources */,
				DC85F3482071636D009DF5D9 /* AboutModel.m in Sources */,
				DC85F34E2071636D009DF5D9 /* LaserViewController.m in Sources */,
				DC85F34D2071636D009DF5D9 /* PlasticViewController.m in Sources */,
				DC85F3542071636D009DF5D9 /* PlasticDetailViewController.m in Sources */,
				DC85F35C2071636D009DF5D9 /* ChildMenuBarView.m in Sources */,
				DC85F3582071636D009DF5D9 /* HealthModel.m in Sources */,
				DC85F2F92071636C009DF5D9 /* NetworkTool.m in Sources */,
				DC85F3162071636D009DF5D9 /* UIViewController+ZFPlayerRotation.m in Sources */,
				DC85F3572071636D009DF5D9 /* LaserModel.m in Sources */,
				DC85F3112071636D009DF5D9 /* UIWindow+CurrentViewController.m in Sources */,
				DC85F3592071636D009DF5D9 /* PlasticModel.m in Sources */,
				DC85F3152071636D009DF5D9 /* UIImageView+ZFCache.m in Sources */,
				DC85F3562071636D009DF5D9 /* InjectionModel.m in Sources */,
				DC85F3122071636D009DF5D9 /* UIView+CustomControlView.m in Sources */,
				DC85F3512071636D009DF5D9 /* BaseMenuViewController.m in Sources */,
				DC85F31B2071636D009DF5D9 /* ZFPlayerView.m in Sources */,
				DC85F3522071636D009DF5D9 /* InjectionDetailViewController.m in Sources */,
				DC85F30F2071636D009DF5D9 /* ZFPlayerModel.m in Sources */,
				DC85F3412071636D009DF5D9 /* MedicalTeamViewController.m in Sources */,
				DC85F33F2071636D009DF5D9 /* ServiceTeamViewController.m in Sources */,
				DC85F31D2071636D009DF5D9 /* ASValueTrackingSlider.m in Sources */,
				DC85F3402071636D009DF5D9 /* AboutViewController.m in Sources */,
				DC85F3502071636D009DF5D9 /* HealthViewController.m in Sources */,
				DC85F3142071636D009DF5D9 /* UIAlertController+ZFPlayerRotation.m in Sources */,
				DC85F3002071636C009DF5D9 /* YLButton.m in Sources */,
				DC85F35F2071636D009DF5D9 /* UpdateView.m in Sources */,
				DC85F3492071636D009DF5D9 /* AreaModel.m in Sources */,
				DC85F3132071636D009DF5D9 /* UINavigationController+ZFPlayerRotation.m in Sources */,
				DC85F3472071636D009DF5D9 /* MedicalTeamModel.m in Sources */,
				DC85F3262071636D009DF5D9 /* SBPauseOrPlayView.m in Sources */,
				DC85F3552071636D009DF5D9 /* HealthDetailViewController.m in Sources */,
				DC85F34F2071636D009DF5D9 /* InjectionViewController.m in Sources */,
				DC85F3252071636D009DF5D9 /* SBPlayer.m in Sources */,
			);
			runOnlyForDeploymentPostprocessing = 0;
		};
		DC85EF45207141CF009DF5D9 /* Sources */ = {
			isa = PBXSourcesBuildPhase;
			buildActionMask = 2147483647;
			files = (
				DC85EF4E207141CF009DF5D9 /* ISYOU_iPadTests.m in Sources */,
			);
			runOnlyForDeploymentPostprocessing = 0;
		};
		DC85EF50207141CF009DF5D9 /* Sources */ = {
			isa = PBXSourcesBuildPhase;
			buildActionMask = 2147483647;
			files = (
				DC85EF59207141CF009DF5D9 /* ISYOU_iPadUITests.m in Sources */,
			);
			runOnlyForDeploymentPostprocessing = 0;
		};
/* End PBXSourcesBuildPhase section */

/* Begin PBXTargetDependency section */
		DC85EF4B207141CF009DF5D9 /* PBXTargetDependency */ = {
			isa = PBXTargetDependency;
			target = DC85EF30207141CD009DF5D9 /* ISYOU_iPad */;
			targetProxy = DC85EF4A207141CF009DF5D9 /* PBXContainerItemProxy */;
		};
		DC85EF56207141CF009DF5D9 /* PBXTargetDependency */ = {
			isa = PBXTargetDependency;
			target = DC85EF30207141CD009DF5D9 /* ISYOU_iPad */;
			targetProxy = DC85EF55207141CF009DF5D9 /* PBXContainerItemProxy */;
		};
/* End PBXTargetDependency section */

/* Begin PBXVariantGroup section */
		DC85EF3A207141CD009DF5D9 /* Main.storyboard */ = {
			isa = PBXVariantGroup;
			children = (
				DC85EF3B207141CD009DF5D9 /* Base */,
			);
			name = Main.storyboard;
			sourceTree = "<group>";
		};
		DC85EF3F207141CF009DF5D9 /* LaunchScreen.storyboard */ = {
			isa = PBXVariantGroup;
			children = (
				DC85EF40207141CF009DF5D9 /* Base */,
			);
			name = LaunchScreen.storyboard;
			sourceTree = "<group>";
		};
/* End PBXVariantGroup section */

/* Begin XCBuildConfiguration section */
		DC85EF5B207141CF009DF5D9 /* Debug */ = {
			isa = XCBuildConfiguration;
			buildSettings = {
				ALWAYS_SEARCH_USER_PATHS = NO;
				CLANG_ANALYZER_NONNULL = YES;
				CLANG_ANALYZER_NUMBER_OBJECT_CONVERSION = YES_AGGRESSIVE;
				CLANG_CXX_LANGUAGE_STANDARD = "gnu++14";
				CLANG_CXX_LIBRARY = "libc++";
				CLANG_ENABLE_MODULES = YES;
				CLANG_ENABLE_OBJC_ARC = YES;
				CLANG_ENABLE_OBJC_WEAK = YES;
				CLANG_WARN_BLOCK_CAPTURE_AUTORELEASING = YES;
				CLANG_WARN_BOOL_CONVERSION = YES;
				CLANG_WARN_COMMA = YES;
				CLANG_WARN_CONSTANT_CONVERSION = YES;
				CLANG_WARN_DEPRECATED_OBJC_IMPLEMENTATIONS = YES;
				CLANG_WARN_DIRECT_OBJC_ISA_USAGE = YES_ERROR;
				CLANG_WARN_DOCUMENTATION_COMMENTS = YES;
				CLANG_WARN_EMPTY_BODY = YES;
				CLANG_WARN_ENUM_CONVERSION = YES;
				CLANG_WARN_INFINITE_RECURSION = YES;
				CLANG_WARN_INT_CONVERSION = YES;
				CLANG_WARN_NON_LITERAL_NULL_CONVERSION = YES;
				CLANG_WARN_OBJC_IMPLICIT_RETAIN_SELF = YES;
				CLANG_WARN_OBJC_LITERAL_CONVERSION = YES;
				CLANG_WARN_OBJC_ROOT_CLASS = YES_ERROR;
				CLANG_WARN_RANGE_LOOP_ANALYSIS = YES;
				CLANG_WARN_STRICT_PROTOTYPES = YES;
				CLANG_WARN_SUSPICIOUS_MOVE = YES;
				CLANG_WARN_UNGUARDED_AVAILABILITY = YES_AGGRESSIVE;
				CLANG_WARN_UNREACHABLE_CODE = YES;
				CLANG_WARN__DUPLICATE_METHOD_MATCH = YES;
				CODE_SIGN_IDENTITY = "iPhone Developer";
				COPY_PHASE_STRIP = NO;
				DEBUG_INFORMATION_FORMAT = dwarf;
				ENABLE_STRICT_OBJC_MSGSEND = YES;
				ENABLE_TESTABILITY = YES;
				GCC_C_LANGUAGE_STANDARD = gnu11;
				GCC_DYNAMIC_NO_PIC = NO;
				GCC_NO_COMMON_BLOCKS = YES;
				GCC_OPTIMIZATION_LEVEL = 0;
				GCC_PREPROCESSOR_DEFINITIONS = (
					"DEBUG=1",
					"$(inherited)",
				);
				GCC_WARN_64_TO_32_BIT_CONVERSION = YES;
				GCC_WARN_ABOUT_RETURN_TYPE = YES_ERROR;
				GCC_WARN_UNDECLARED_SELECTOR = YES;
				GCC_WARN_UNINITIALIZED_AUTOS = YES_AGGRESSIVE;
				GCC_WARN_UNUSED_FUNCTION = YES;
				GCC_WARN_UNUSED_VARIABLE = YES;
				IPHONEOS_DEPLOYMENT_TARGET = 11.3;
				MTL_ENABLE_DEBUG_INFO = YES;
				ONLY_ACTIVE_ARCH = YES;
				SDKROOT = iphoneos;
			};
			name = Debug;
		};
		DC85EF5C207141CF009DF5D9 /* Release */ = {
			isa = XCBuildConfiguration;
			buildSettings = {
				ALWAYS_SEARCH_USER_PATHS = NO;
				CLANG_ANALYZER_NONNULL = YES;
				CLANG_ANALYZER_NUMBER_OBJECT_CONVERSION = YES_AGGRESSIVE;
				CLANG_CXX_LANGUAGE_STANDARD = "gnu++14";
				CLANG_CXX_LIBRARY = "libc++";
				CLANG_ENABLE_MODULES = YES;
				CLANG_ENABLE_OBJC_ARC = YES;
				CLANG_ENABLE_OBJC_WEAK = YES;
				CLANG_WARN_BLOCK_CAPTURE_AUTORELEASING = YES;
				CLANG_WARN_BOOL_CONVERSION = YES;
				CLANG_WARN_COMMA = YES;
				CLANG_WARN_CONSTANT_CONVERSION = YES;
				CLANG_WARN_DEPRECATED_OBJC_IMPLEMENTATIONS = YES;
				CLANG_WARN_DIRECT_OBJC_ISA_USAGE = YES_ERROR;
				CLANG_WARN_DOCUMENTATION_COMMENTS = YES;
				CLANG_WARN_EMPTY_BODY = YES;
				CLANG_WARN_ENUM_CONVERSION = YES;
				CLANG_WARN_INFINITE_RECURSION = YES;
				CLANG_WARN_INT_CONVERSION = YES;
				CLANG_WARN_NON_LITERAL_NULL_CONVERSION = YES;
				CLANG_WARN_OBJC_IMPLICIT_RETAIN_SELF = YES;
				CLANG_WARN_OBJC_LITERAL_CONVERSION = YES;
				CLANG_WARN_OBJC_ROOT_CLASS = YES_ERROR;
				CLANG_WARN_RANGE_LOOP_ANALYSIS = YES;
				CLANG_WARN_STRICT_PROTOTYPES = YES;
				CLANG_WARN_SUSPICIOUS_MOVE = YES;
				CLANG_WARN_UNGUARDED_AVAILABILITY = YES_AGGRESSIVE;
				CLANG_WARN_UNREACHABLE_CODE = YES;
				CLANG_WARN__DUPLICATE_METHOD_MATCH = YES;
				CODE_SIGN_IDENTITY = "iPhone Developer";
				COPY_PHASE_STRIP = NO;
				DEBUG_INFORMATION_FORMAT = "dwarf-with-dsym";
				ENABLE_NS_ASSERTIONS = NO;
				ENABLE_STRICT_OBJC_MSGSEND = YES;
				GCC_C_LANGUAGE_STANDARD = gnu11;
				GCC_NO_COMMON_BLOCKS = YES;
				GCC_WARN_64_TO_32_BIT_CONVERSION = YES;
				GCC_WARN_ABOUT_RETURN_TYPE = YES_ERROR;
				GCC_WARN_UNDECLARED_SELECTOR = YES;
				GCC_WARN_UNINITIALIZED_AUTOS = YES_AGGRESSIVE;
				GCC_WARN_UNUSED_FUNCTION = YES;
				GCC_WARN_UNUSED_VARIABLE = YES;
				IPHONEOS_DEPLOYMENT_TARGET = 11.3;
				MTL_ENABLE_DEBUG_INFO = NO;
				SDKROOT = iphoneos;
				VALIDATE_PRODUCT = YES;
			};
			name = Release;
		};
		DC85EF5E207141CF009DF5D9 /* Debug */ = {
			isa = XCBuildConfiguration;
			baseConfigurationReference = 164BF7156FD6BEAF39F352A2 /* Pods-ISYOU_iPad.debug.xcconfig */;
			buildSettings = {
				ASSETCATALOG_COMPILER_APPICON_NAME = AppIcon;
				CODE_SIGN_STYLE = Automatic;
				DEVELOPMENT_TEAM = TX8X4G99PU;
				GCC_PRECOMPILE_PREFIX_HEADER = YES;
				GCC_PREFIX_HEADER = /Users/stephen/Documents/GitHub/ISYOU/ISYOU_iPad/ISYOU_iPad/Classes/Others/ISYOU_PrefixHeader.pch;
				INFOPLIST_FILE = ISYOU_iPad/Info.plist;
				LD_RUNPATH_SEARCH_PATHS = (
					"$(inherited)",
					"@executable_path/Frameworks",
				);
				PRODUCT_BUNDLE_IDENTIFIER = "com.isyou.ISYOU-iPad";
				PRODUCT_NAME = "$(TARGET_NAME)";
				TARGETED_DEVICE_FAMILY = "1,2";
			};
			name = Debug;
		};
		DC85EF5F207141CF009DF5D9 /* Release */ = {
			isa = XCBuildConfiguration;
			baseConfigurationReference = A629227285B4161F9C33C404 /* Pods-ISYOU_iPad.release.xcconfig */;
			buildSettings = {
				ASSETCATALOG_COMPILER_APPICON_NAME = AppIcon;
				CODE_SIGN_STYLE = Automatic;
				DEVELOPMENT_TEAM = TX8X4G99PU;
				GCC_PRECOMPILE_PREFIX_HEADER = YES;
				GCC_PREFIX_HEADER = /Users/stephen/Documents/GitHub/ISYOU/ISYOU_iPad/ISYOU_iPad/Classes/Others/ISYOU_PrefixHeader.pch;
				INFOPLIST_FILE = ISYOU_iPad/Info.plist;
				LD_RUNPATH_SEARCH_PATHS = (
					"$(inherited)",
					"@executable_path/Frameworks",
				);
				PRODUCT_BUNDLE_IDENTIFIER = "com.isyou.ISYOU-iPad";
				PRODUCT_NAME = "$(TARGET_NAME)";
				TARGETED_DEVICE_FAMILY = "1,2";
			};
			name = Release;
		};
		DC85EF61207141CF009DF5D9 /* Debug */ = {
			isa = XCBuildConfiguration;
			buildSettings = {
				BUNDLE_LOADER = "$(TEST_HOST)";
				CODE_SIGN_STYLE = Automatic;
				DEVELOPMENT_TEAM = TX8X4G99PU;
				INFOPLIST_FILE = ISYOU_iPadTests/Info.plist;
				LD_RUNPATH_SEARCH_PATHS = (
					"$(inherited)",
					"@executable_path/Frameworks",
					"@loader_path/Frameworks",
				);
				PRODUCT_BUNDLE_IDENTIFIER = "com.isyou.ISYOU-iPadTests";
				PRODUCT_NAME = "$(TARGET_NAME)";
				TARGETED_DEVICE_FAMILY = "1,2";
				TEST_HOST = "$(BUILT_PRODUCTS_DIR)/ISYOU_iPad.app/ISYOU_iPad";
			};
			name = Debug;
		};
		DC85EF62207141CF009DF5D9 /* Release */ = {
			isa = XCBuildConfiguration;
			buildSettings = {
				BUNDLE_LOADER = "$(TEST_HOST)";
				CODE_SIGN_STYLE = Automatic;
				DEVELOPMENT_TEAM = TX8X4G99PU;
				INFOPLIST_FILE = ISYOU_iPadTests/Info.plist;
				LD_RUNPATH_SEARCH_PATHS = (
					"$(inherited)",
					"@executable_path/Frameworks",
					"@loader_path/Frameworks",
				);
				PRODUCT_BUNDLE_IDENTIFIER = "com.isyou.ISYOU-iPadTests";
				PRODUCT_NAME = "$(TARGET_NAME)";
				TARGETED_DEVICE_FAMILY = "1,2";
				TEST_HOST = "$(BUILT_PRODUCTS_DIR)/ISYOU_iPad.app/ISYOU_iPad";
			};
			name = Release;
		};
		DC85EF64207141CF009DF5D9 /* Debug */ = {
			isa = XCBuildConfiguration;
			buildSettings = {
				CODE_SIGN_STYLE = Automatic;
				DEVELOPMENT_TEAM = TX8X4G99PU;
				INFOPLIST_FILE = ISYOU_iPadUITests/Info.plist;
				LD_RUNPATH_SEARCH_PATHS = (
					"$(inherited)",
					"@executable_path/Frameworks",
					"@loader_path/Frameworks",
				);
				PRODUCT_BUNDLE_IDENTIFIER = "com.isyou.ISYOU-iPadUITests";
				PRODUCT_NAME = "$(TARGET_NAME)";
				TARGETED_DEVICE_FAMILY = "1,2";
				TEST_TARGET_NAME = ISYOU_iPad;
			};
			name = Debug;
		};
		DC85EF65207141CF009DF5D9 /* Release */ = {
			isa = XCBuildConfiguration;
			buildSettings = {
				CODE_SIGN_STYLE = Automatic;
				DEVELOPMENT_TEAM = TX8X4G99PU;
				INFOPLIST_FILE = ISYOU_iPadUITests/Info.plist;
				LD_RUNPATH_SEARCH_PATHS = (
					"$(inherited)",
					"@executable_path/Frameworks",
					"@loader_path/Frameworks",
				);
				PRODUCT_BUNDLE_IDENTIFIER = "com.isyou.ISYOU-iPadUITests";
				PRODUCT_NAME = "$(TARGET_NAME)";
				TARGETED_DEVICE_FAMILY = "1,2";
				TEST_TARGET_NAME = ISYOU_iPad;
			};
			name = Release;
		};
/* End XCBuildConfiguration section */

/* Begin XCConfigurationList section */
		DC85EF2C207141CD009DF5D9 /* Build configuration list for PBXProject "ISYOU_iPad" */ = {
			isa = XCConfigurationList;
			buildConfigurations = (
				DC85EF5B207141CF009DF5D9 /* Debug */,
				DC85EF5C207141CF009DF5D9 /* Release */,
			);
			defaultConfigurationIsVisible = 0;
			defaultConfigurationName = Release;
		};
		DC85EF5D207141CF009DF5D9 /* Build configuration list for PBXNativeTarget "ISYOU_iPad" */ = {
			isa = XCConfigurationList;
			buildConfigurations = (
				DC85EF5E207141CF009DF5D9 /* Debug */,
				DC85EF5F207141CF009DF5D9 /* Release */,
			);
			defaultConfigurationIsVisible = 0;
			defaultConfigurationName = Release;
		};
		DC85EF60207141CF009DF5D9 /* Build configuration list for PBXNativeTarget "ISYOU_iPadTests" */ = {
			isa = XCConfigurationList;
			buildConfigurations = (
				DC85EF61207141CF009DF5D9 /* Debug */,
				DC85EF62207141CF009DF5D9 /* Release */,
			);
			defaultConfigurationIsVisible = 0;
			defaultConfigurationName = Release;
		};
		DC85EF63207141CF009DF5D9 /* Build configuration list for PBXNativeTarget "ISYOU_iPadUITests" */ = {
			isa = XCConfigurationList;
			buildConfigurations = (
				DC85EF64207141CF009DF5D9 /* Debug */,
				DC85EF65207141CF009DF5D9 /* Release */,
			);
			defaultConfigurationIsVisible = 0;
			defaultConfigurationName = Release;
		};
/* End XCConfigurationList section */
	};
	rootObject = DC85EF29207141CD009DF5D9 /* Project object */;
}
